{
	"name": "@rpgjs/client",
	"version": "3.0.0-beta.6",
	"lockfileVersion": 1,
	"requires": true,
	"dependencies": {
		"@babel/parser": {
			"version": "7.17.8",
			"resolved": "https://registry.npmjs.org/@babel/parser/-/parser-7.17.8.tgz",
			"integrity": "sha512-BoHhDJrJXqcg+ZL16Xv39H9n+AqJ4pcDrQBGZN+wHxIysrLZ3/ECwCBUch/1zUNhnsXULcONU3Ei5Hmkfk6kiQ=="
		},
		"@pixi/accessibility": {
			"version": "5.3.10",
			"resolved": "https://registry.npmjs.org/@pixi/accessibility/-/accessibility-5.3.10.tgz",
			"integrity": "sha512-DPdeC1Wrnd/0yne9BMlD2HjWfBcrbA4Ho+UUibwFAm3FZJin+OSWzlyaQ26kodj6sPbNTS7SIAGTh65bem9vow==",
			"requires": {
				"@pixi/core": "5.3.10",
				"@pixi/display": "5.3.10",
				"@pixi/utils": "5.3.10"
			}
		},
		"@pixi/app": {
			"version": "5.3.10",
			"resolved": "https://registry.npmjs.org/@pixi/app/-/app-5.3.10.tgz",
			"integrity": "sha512-7RRVf6vcR5qqbXrncKp5efOXFRHe6zs8e7tRC2VlxbVpZdsfXOjUyM4qkGkYRgfWrXv04ezXGT9I28sJ+6mP8Q==",
			"requires": {
				"@pixi/core": "5.3.10",
				"@pixi/display": "5.3.10"
			}
		},
		"@pixi/constants": {
			"version": "5.3.10",
			"resolved": "https://registry.npmjs.org/@pixi/constants/-/constants-5.3.10.tgz",
			"integrity": "sha512-g89d8Twk4Uz62i92FPfMHlSyrxHy/uNp4qtw4IcQLlSi6jVESRalTlOMyUy2hVWjQf1uT7+j2IM9Vu33ZIxO/w=="
		},
		"@pixi/core": {
			"version": "5.3.10",
			"resolved": "https://registry.npmjs.org/@pixi/core/-/core-5.3.10.tgz",
			"integrity": "sha512-cU2OUoAaMpFs00EfTBH9TbtIqUs5X7qEK32DXfKbSCp6BMKayBa3S4320VNtidFwpi8tKqkoMa4qy5zX7lxmIQ==",
			"requires": {
				"@pixi/constants": "5.3.10",
				"@pixi/math": "5.3.10",
				"@pixi/runner": "5.3.10",
				"@pixi/settings": "5.3.10",
				"@pixi/ticker": "5.3.10",
				"@pixi/utils": "5.3.10"
			}
		},
		"@pixi/display": {
			"version": "5.3.10",
			"resolved": "https://registry.npmjs.org/@pixi/display/-/display-5.3.10.tgz",
			"integrity": "sha512-a1t4KXH4Wlp7GLHwZen5bkwMOYgUKv2rpup6mEWuDz457Z2+i3y5IMtExmvbGIXLDYbgpNV9YHpY4r0kh8wcxA==",
			"requires": {
				"@pixi/math": "5.3.10",
				"@pixi/settings": "5.3.10",
				"@pixi/utils": "5.3.10"
			}
		},
		"@pixi/extract": {
			"version": "5.3.10",
			"resolved": "https://registry.npmjs.org/@pixi/extract/-/extract-5.3.10.tgz",
			"integrity": "sha512-CJU50rxlzUD9xVXLDthhfn9h1jsphe4ikqxseYFzLI3bhw3O57Vf3QTbyemqo7RcR+/nfoe+BovOlHA9a6swsQ==",
			"requires": {
				"@pixi/core": "5.3.10",
				"@pixi/math": "5.3.10",
				"@pixi/utils": "5.3.10"
			}
		},
		"@pixi/filter-alpha": {
			"version": "5.3.10",
			"resolved": "https://registry.npmjs.org/@pixi/filter-alpha/-/filter-alpha-5.3.10.tgz",
			"integrity": "sha512-ZHJwFajmeHUqo0J6x50jA6NB57jHIaRRgE0/z/HgKKDgupGcnKGsbH5fzweFoaDvYiMqWHTE2BFSqBQ48KozNg==",
			"requires": {
				"@pixi/core": "5.3.10"
			}
		},
		"@pixi/filter-blur": {
			"version": "5.3.10",
			"resolved": "https://registry.npmjs.org/@pixi/filter-blur/-/filter-blur-5.3.10.tgz",
			"integrity": "sha512-rzW2Q0a79+BjyYX9H2vz+fG3dSR5fRC5Gc7KuNdaNvXpAT7YNGAvwYV2fqFTa2cPIS1nNqSEQyMOUrc8Z3N4Hw==",
			"requires": {
				"@pixi/core": "5.3.10",
				"@pixi/settings": "5.3.10"
			}
		},
		"@pixi/filter-color-matrix": {
			"version": "5.3.10",
			"resolved": "https://registry.npmjs.org/@pixi/filter-color-matrix/-/filter-color-matrix-5.3.10.tgz",
			"integrity": "sha512-ZjyAKfOmOq7rfLZRhWXR5SaMba7svoKSZFcbPfC3lXmiYijwtVtzXLwrofJ/Qkz5qrOedtD/VbuMVBDj/SHybA==",
			"requires": {
				"@pixi/core": "5.3.10"
			}
		},
		"@pixi/filter-displacement": {
			"version": "5.3.10",
			"resolved": "https://registry.npmjs.org/@pixi/filter-displacement/-/filter-displacement-5.3.10.tgz",
			"integrity": "sha512-FomBavESApTi8Zhpb4JP5MHoCxRKTc0vN9E9rFNcYpKH0UVQwGhrXEFlg4w6SF3Ur+xhPYgQVi8D4njkPbzUEA==",
			"requires": {
				"@pixi/core": "5.3.10",
				"@pixi/math": "5.3.10"
			}
		},
		"@pixi/filter-fxaa": {
			"version": "5.3.10",
			"resolved": "https://registry.npmjs.org/@pixi/filter-fxaa/-/filter-fxaa-5.3.10.tgz",
			"integrity": "sha512-l6S+kjb1tKnwykhNM8LaPHRLIedd0xkACYB6XAcdICq6Kz3IrVTDtYa613h3dqFJoJs+EnsNpmTsQzXi+mw2sg==",
			"requires": {
				"@pixi/core": "5.3.10"
			}
		},
		"@pixi/filter-noise": {
			"version": "5.3.10",
			"resolved": "https://registry.npmjs.org/@pixi/filter-noise/-/filter-noise-5.3.10.tgz",
			"integrity": "sha512-egan5kXaaN4gMVZJd41RPW/UMFMOg2gSBzJSi4yIuMhHk+n6AHYgAmBoLIAiorRrmx3sPwa+x6IDDIhkhzrC4w==",
			"requires": {
				"@pixi/core": "5.3.10"
			}
		},
		"@pixi/graphics": {
			"version": "5.3.10",
			"resolved": "https://registry.npmjs.org/@pixi/graphics/-/graphics-5.3.10.tgz",
			"integrity": "sha512-aqJXc6He1Tyg4Dh+DwEqHud9GjZDk0/rMKccNUhln2CCYYu58/uX863CttzZQ9gHYcqPsNPaE41AtH95KnKT1w==",
			"requires": {
				"@pixi/constants": "5.3.10",
				"@pixi/core": "5.3.10",
				"@pixi/display": "5.3.10",
				"@pixi/math": "5.3.10",
				"@pixi/sprite": "5.3.10",
				"@pixi/utils": "5.3.10"
			}
		},
		"@pixi/interaction": {
			"version": "5.3.10",
			"resolved": "https://registry.npmjs.org/@pixi/interaction/-/interaction-5.3.10.tgz",
			"integrity": "sha512-KgScDisaRzBbvdgbdbMmx2y+87XsHv9cI9xOTlSxCLMl0MZwJT8FIRpsohtyVJJvBJhnWrpYuZzeBNqJwdcIEg==",
			"requires": {
				"@pixi/core": "5.3.10",
				"@pixi/display": "5.3.10",
				"@pixi/math": "5.3.10",
				"@pixi/ticker": "5.3.10",
				"@pixi/utils": "5.3.10"
			}
		},
		"@pixi/loaders": {
			"version": "5.3.10",
			"resolved": "https://registry.npmjs.org/@pixi/loaders/-/loaders-5.3.10.tgz",
			"integrity": "sha512-jaVHk1osJeMs8piRnnzf/rgMizNnOQKOEKzluI+2jfye/3Kuht+feJ+LX/Gx0HmQZ3vsmqaLL6NChZ8+oYGO+Q==",
			"requires": {
				"@pixi/core": "5.3.10",
				"@pixi/utils": "5.3.10",
				"resource-loader": "^3.0.1"
			}
		},
		"@pixi/math": {
			"version": "5.3.10",
			"resolved": "https://registry.npmjs.org/@pixi/math/-/math-5.3.10.tgz",
			"integrity": "sha512-t96px9xohUnRnCZ7DoFOdPG9C0OhSNAmiOK4s1DLJfoNjY+0J/2gKgUDNpUA9z3OhNJ7/APGUuie6KKyrYixoQ=="
		},
		"@pixi/mesh": {
			"version": "5.3.10",
			"resolved": "https://registry.npmjs.org/@pixi/mesh/-/mesh-5.3.10.tgz",
			"integrity": "sha512-1HLOlJeTcIrlfBofXauuklBTjuSlEqezRPz3bN6zObm6PJGk5CJ9ePm40V6aug60LvqhNm+DlIZvs0l0yiV9HA==",
			"requires": {
				"@pixi/constants": "5.3.10",
				"@pixi/core": "5.3.10",
				"@pixi/display": "5.3.10",
				"@pixi/math": "5.3.10",
				"@pixi/settings": "5.3.10",
				"@pixi/utils": "5.3.10"
			}
		},
		"@pixi/mesh-extras": {
			"version": "5.3.10",
			"resolved": "https://registry.npmjs.org/@pixi/mesh-extras/-/mesh-extras-5.3.10.tgz",
			"integrity": "sha512-mAXpjKLAaTXBYLK3SBlYjjVyA/X/Ia+AbgAhisfYRvWH0JLEYbNqEIvwAAKSzQUbjjsHps9SXYhdHw0Afc2a3w==",
			"requires": {
				"@pixi/constants": "5.3.10",
				"@pixi/core": "5.3.10",
				"@pixi/math": "5.3.10",
				"@pixi/mesh": "5.3.10",
				"@pixi/utils": "5.3.10"
			}
		},
		"@pixi/mixin-cache-as-bitmap": {
			"version": "5.3.10",
			"resolved": "https://registry.npmjs.org/@pixi/mixin-cache-as-bitmap/-/mixin-cache-as-bitmap-5.3.10.tgz",
			"integrity": "sha512-PzKihO1hUPf3mfbn0wE4DSgzeUhyLuvWbogHPg5zDTd4dqtIEN4aPmB7kEb48x6hZuZqaJzfrJkwhr4SJqvO6w==",
			"requires": {
				"@pixi/core": "5.3.10",
				"@pixi/display": "5.3.10",
				"@pixi/math": "5.3.10",
				"@pixi/settings": "5.3.10",
				"@pixi/sprite": "5.3.10",
				"@pixi/utils": "5.3.10"
			}
		},
		"@pixi/mixin-get-child-by-name": {
			"version": "5.3.10",
			"resolved": "https://registry.npmjs.org/@pixi/mixin-get-child-by-name/-/mixin-get-child-by-name-5.3.10.tgz",
			"integrity": "sha512-Q5xv1vtbiv+4ZVhd+cWI/K/tWnQy7Pe/y8JYXJx8xc27jzWUrwJkwnVFJYrhcXXndu1Z1pfuC/NeRAcqskxztQ==",
			"requires": {
				"@pixi/display": "5.3.10"
			}
		},
		"@pixi/mixin-get-global-position": {
			"version": "5.3.10",
			"resolved": "https://registry.npmjs.org/@pixi/mixin-get-global-position/-/mixin-get-global-position-5.3.10.tgz",
			"integrity": "sha512-GJIaN3Ic8m/9zzS/b7c1ygPxQ1U/ApoHD8ArZWMU5REizVdGxSGdCe+PrT8+wfyqvS4GGAVnfQR4tInanQ1zJQ==",
			"requires": {
				"@pixi/display": "5.3.10",
				"@pixi/math": "5.3.10"
			}
		},
		"@pixi/particles": {
			"version": "5.3.10",
			"resolved": "https://registry.npmjs.org/@pixi/particles/-/particles-5.3.10.tgz",
			"integrity": "sha512-dig0EI0KMyLExgK79zPg/iCriEQC61aQLvhqoutjCKTTpzemk6Zbigw0aR6vnGRnobUPwlUeESrP+KMT9XicRw==",
			"requires": {
				"@pixi/constants": "5.3.10",
				"@pixi/core": "5.3.10",
				"@pixi/display": "5.3.10",
				"@pixi/math": "5.3.10",
				"@pixi/utils": "5.3.10"
			}
		},
		"@pixi/polyfill": {
			"version": "5.3.10",
			"resolved": "https://registry.npmjs.org/@pixi/polyfill/-/polyfill-5.3.10.tgz",
			"integrity": "sha512-hUouzYxaqo6AA3dM7lrfGxUf0Y0IhvjVNPT7/DaYBnlJat3Lo/IPY3xkxuAn2NSuYC5pbqFMGkZelxWkgksmCw==",
			"requires": {
				"es6-promise-polyfill": "^1.2.0",
				"object-assign": "^4.1.1"
			}
		},
		"@pixi/prepare": {
			"version": "5.3.10",
			"resolved": "https://registry.npmjs.org/@pixi/prepare/-/prepare-5.3.10.tgz",
			"integrity": "sha512-BDIuv2JjCaUuKSIEDReHtcSAyisM7pEpELnW9YcLi2ARNUE67vBhDdrC+KemQUHQi7Mf0NgOVb7PhOEJbt3oXQ==",
			"requires": {
				"@pixi/core": "5.3.10",
				"@pixi/display": "5.3.10",
				"@pixi/graphics": "5.3.10",
				"@pixi/settings": "5.3.10",
				"@pixi/text": "5.3.10",
				"@pixi/ticker": "5.3.10"
			}
		},
		"@pixi/runner": {
			"version": "5.3.10",
			"resolved": "https://registry.npmjs.org/@pixi/runner/-/runner-5.3.10.tgz",
			"integrity": "sha512-MKqoBlMaupsRUQNIgLGTFb7yjEI62+YAU0wvVxuPlHXXjUprRwCslhKdqivrmLR3mdaHtVH6WtbW0nXBr8ELaw=="
		},
		"@pixi/settings": {
			"version": "5.3.10",
			"resolved": "https://registry.npmjs.org/@pixi/settings/-/settings-5.3.10.tgz",
			"integrity": "sha512-LFKgWKVWO/z/4OME6PTCx53kxzGNohOwt+hfcGGvWjKx7+CqzQhcXUJT20j6BTn+qpv96okXduwmBsVDJnPtCQ==",
			"requires": {
				"ismobilejs": "^1.1.0"
			}
		},
		"@pixi/sprite": {
			"version": "5.3.10",
			"resolved": "https://registry.npmjs.org/@pixi/sprite/-/sprite-5.3.10.tgz",
			"integrity": "sha512-PDIO0Bg1NQLHDN18NaRB0DnfL7OZH/Rw6KX1v/MuU0ThbI0Z82QteEE+VwdUyInSsTHUY4gSkcWjBvMxTjFI7g==",
			"requires": {
				"@pixi/constants": "5.3.10",
				"@pixi/core": "5.3.10",
				"@pixi/display": "5.3.10",
				"@pixi/math": "5.3.10",
				"@pixi/settings": "5.3.10",
				"@pixi/utils": "5.3.10"
			}
		},
		"@pixi/sprite-animated": {
			"version": "5.3.10",
			"resolved": "https://registry.npmjs.org/@pixi/sprite-animated/-/sprite-animated-5.3.10.tgz",
			"integrity": "sha512-JRbm4hDSzprcDHXAmkCq4HPPodli+skXczenilBJsXYyDSgRI8HGBYVTBYU1rr3qb9TUIaBLvo/xQg9iBtvIRQ==",
			"requires": {
				"@pixi/core": "5.3.10",
				"@pixi/sprite": "5.3.10",
				"@pixi/ticker": "5.3.10"
			}
		},
		"@pixi/sprite-tiling": {
			"version": "5.3.10",
			"resolved": "https://registry.npmjs.org/@pixi/sprite-tiling/-/sprite-tiling-5.3.10.tgz",
			"integrity": "sha512-JzUBspdhChHUQicm4VWcvyIjN2amjvRAO30FebdAI4Mu0/1T70ZkZG53CbF3ewENv0PkFXJmILXK0YQ7n9JCVg==",
			"requires": {
				"@pixi/constants": "5.3.10",
				"@pixi/core": "5.3.10",
				"@pixi/display": "5.3.10",
				"@pixi/math": "5.3.10",
				"@pixi/sprite": "5.3.10",
				"@pixi/utils": "5.3.10"
			}
		},
		"@pixi/spritesheet": {
			"version": "5.3.10",
			"resolved": "https://registry.npmjs.org/@pixi/spritesheet/-/spritesheet-5.3.10.tgz",
			"integrity": "sha512-Q3xHnQslBQQwUJ3v5trPm82lZ1zhOVPqDKkAoPBVVpbO4OXq1qe0t0ifsa153XYenITFnEmhim5t5463+pYl/g==",
			"requires": {
				"@pixi/core": "5.3.10",
				"@pixi/loaders": "5.3.10",
				"@pixi/math": "5.3.10",
				"@pixi/utils": "5.3.10"
			}
		},
		"@pixi/text": {
			"version": "5.3.10",
			"resolved": "https://registry.npmjs.org/@pixi/text/-/text-5.3.10.tgz",
			"integrity": "sha512-IRo+/8Xi8SpuJ4x+GnMoe4Qh7b4WIj1HceSf+8+Nfyk4l0/CHgUZlAOKn3gkXS0Yv9189mCPTtLmjw0HthHttw==",
			"requires": {
				"@pixi/core": "5.3.10",
				"@pixi/math": "5.3.10",
				"@pixi/settings": "5.3.10",
				"@pixi/sprite": "5.3.10",
				"@pixi/utils": "5.3.10"
			}
		},
		"@pixi/text-bitmap": {
			"version": "5.3.10",
			"resolved": "https://registry.npmjs.org/@pixi/text-bitmap/-/text-bitmap-5.3.10.tgz",
			"integrity": "sha512-1jRzkHnipyJW/7zvAQnRRaO5MLL7qDrVxi1UG4bnm0SqGfYMd6WpKTPwcjJBLCR15r8DrQjfX9rCHkFGmjPoLA==",
			"requires": {
				"@pixi/core": "5.3.10",
				"@pixi/display": "5.3.10",
				"@pixi/loaders": "5.3.10",
				"@pixi/math": "5.3.10",
				"@pixi/mesh": "5.3.10",
				"@pixi/settings": "5.3.10",
				"@pixi/text": "5.3.10",
				"@pixi/utils": "5.3.10"
			}
		},
		"@pixi/ticker": {
			"version": "5.3.10",
			"resolved": "https://registry.npmjs.org/@pixi/ticker/-/ticker-5.3.10.tgz",
			"integrity": "sha512-blrtXLhNcr6KTsPDhCbo4oExiwX1l0IS/R0HR6J7lSM7ZKsXMjWKyYIYG81kknJRCfOwo1aKzzf+O7A5l0ZvQw==",
			"requires": {
				"@pixi/settings": "5.3.10"
			}
		},
		"@pixi/utils": {
			"version": "5.3.10",
			"resolved": "https://registry.npmjs.org/@pixi/utils/-/utils-5.3.10.tgz",
			"integrity": "sha512-iiuDtX8yTYtH6w2QO3ZqPdbpaHGVDSnPSVpiyN6TcBTougHC4rPFsHAnAyXaREGiXwRnxXTpvOUfw6JyECgYsA==",
			"requires": {
				"@pixi/constants": "5.3.10",
				"@pixi/settings": "5.3.10",
				"earcut": "^2.1.5",
				"eventemitter3": "^3.1.0",
				"url": "^0.11.0"
			}
		},
		"@rpgjs/common": {
			"version": "3.0.0-beta.6",
			"resolved": "https://registry.npmjs.org/@rpgjs/common/-/common-3.0.0-beta.6.tgz",
			"integrity": "sha512-a2Ja0ZMf+op2OYtu3wqDxDOqbSrFg1bUrm2Wr9EeNd0d/DbuXRpt36pnUkJ/b0a68WtU6evfqF3dwMafzsoJhQ==",
			"requires": {
				"sat": "^0.8.0",
				"workerpool": "^6.2.0"
			}
		},
		"@rpgjs/sync-client": {
			"version": "3.0.0-beta.6",
			"resolved": "https://registry.npmjs.org/@rpgjs/sync-client/-/sync-client-3.0.0-beta.6.tgz",
			"integrity": "sha512-98wD5yw0Ksn3dTL2S2pqhntJFYEHuyg3w9X2uZSUmuaHp1Q8tkYI1McCI6wuxWWPkfGpP795OkQxLUqBG65b8Q==",
			"requires": {
				"lodash.merge": "4.6.2",
				"lodash.mergewith": "4.6.2",
				"msgpack-lite": "0.1.26",
				"rxjs": "6.6.3"
			}
		},
		"@types/howler": {
			"version": "2.2.1",
			"resolved": "https://registry.npmjs.org/@types/howler/-/howler-2.2.1.tgz",
			"integrity": "sha512-1MiSldngr+eAO4lDPtjzl4Nf2GmRh8VDHIpNBIkyd25L22JExVlI6w3fjSM7+FNc1e1WZAPNq7/flkw685byfg=="
		},
		"@vue/compiler-core": {
			"version": "3.2.31",
			"resolved": "https://registry.npmjs.org/@vue/compiler-core/-/compiler-core-3.2.31.tgz",
			"integrity": "sha512-aKno00qoA4o+V/kR6i/pE+aP+esng5siNAVQ422TkBNM6qA4veXiZbSe8OTXHXquEi/f6Akc+nLfB4JGfe4/WQ==",
			"requires": {
				"@babel/parser": "^7.16.4",
				"@vue/shared": "3.2.31",
				"estree-walker": "^2.0.2",
				"source-map": "^0.6.1"
			}
		},
		"@vue/compiler-dom": {
			"version": "3.2.31",
			"resolved": "https://registry.npmjs.org/@vue/compiler-dom/-/compiler-dom-3.2.31.tgz",
			"integrity": "sha512-60zIlFfzIDf3u91cqfqy9KhCKIJgPeqxgveH2L+87RcGU/alT6BRrk5JtUso0OibH3O7NXuNOQ0cDc9beT0wrg==",
			"requires": {
				"@vue/compiler-core": "3.2.31",
				"@vue/shared": "3.2.31"
			}
		},
		"@vue/compiler-sfc": {
			"version": "3.2.31",
			"resolved": "https://registry.npmjs.org/@vue/compiler-sfc/-/compiler-sfc-3.2.31.tgz",
			"integrity": "sha512-748adc9msSPGzXgibHiO6T7RWgfnDcVQD+VVwYgSsyyY8Ans64tALHZANrKtOzvkwznV/F4H7OAod/jIlp/dkQ==",
			"requires": {
				"@babel/parser": "^7.16.4",
				"@vue/compiler-core": "3.2.31",
				"@vue/compiler-dom": "3.2.31",
				"@vue/compiler-ssr": "3.2.31",
				"@vue/reactivity-transform": "3.2.31",
				"@vue/shared": "3.2.31",
				"estree-walker": "^2.0.2",
				"magic-string": "^0.25.7",
				"postcss": "^8.1.10",
				"source-map": "^0.6.1"
			}
		},
		"@vue/compiler-ssr": {
			"version": "3.2.31",
			"resolved": "https://registry.npmjs.org/@vue/compiler-ssr/-/compiler-ssr-3.2.31.tgz",
			"integrity": "sha512-mjN0rqig+A8TVDnsGPYJM5dpbjlXeHUm2oZHZwGyMYiGT/F4fhJf/cXy8QpjnLQK4Y9Et4GWzHn9PS8AHUnSkw==",
			"requires": {
				"@vue/compiler-dom": "3.2.31",
				"@vue/shared": "3.2.31"
			}
		},
		"@vue/reactivity": {
			"version": "3.2.31",
			"resolved": "https://registry.npmjs.org/@vue/reactivity/-/reactivity-3.2.31.tgz",
			"integrity": "sha512-HVr0l211gbhpEKYr2hYe7hRsV91uIVGFYNHj73njbARVGHQvIojkImKMaZNDdoDZOIkMsBc9a1sMqR+WZwfSCw==",
			"requires": {
				"@vue/shared": "3.2.31"
			}
		},
		"@vue/reactivity-transform": {
			"version": "3.2.31",
			"resolved": "https://registry.npmjs.org/@vue/reactivity-transform/-/reactivity-transform-3.2.31.tgz",
			"integrity": "sha512-uS4l4z/W7wXdI+Va5pgVxBJ345wyGFKvpPYtdSgvfJfX/x2Ymm6ophQlXXB6acqGHtXuBqNyyO3zVp9b1r0MOA==",
			"requires": {
				"@babel/parser": "^7.16.4",
				"@vue/compiler-core": "3.2.31",
				"@vue/shared": "3.2.31",
				"estree-walker": "^2.0.2",
				"magic-string": "^0.25.7"
			}
		},
		"@vue/runtime-core": {
			"version": "3.2.31",
			"resolved": "https://registry.npmjs.org/@vue/runtime-core/-/runtime-core-3.2.31.tgz",
			"integrity": "sha512-Kcog5XmSY7VHFEMuk4+Gap8gUssYMZ2+w+cmGI6OpZWYOEIcbE0TPzzPHi+8XTzAgx1w/ZxDFcXhZeXN5eKWsA==",
			"requires": {
				"@vue/reactivity": "3.2.31",
				"@vue/shared": "3.2.31"
			}
		},
		"@vue/runtime-dom": {
			"version": "3.2.31",
			"resolved": "https://registry.npmjs.org/@vue/runtime-dom/-/runtime-dom-3.2.31.tgz",
			"integrity": "sha512-N+o0sICVLScUjfLG7u9u5XCjvmsexAiPt17GNnaWHJUfsKed5e85/A3SWgKxzlxx2SW/Hw7RQxzxbXez9PtY3g==",
			"requires": {
				"@vue/runtime-core": "3.2.31",
				"@vue/shared": "3.2.31",
				"csstype": "^2.6.8"
			}
		},
		"@vue/server-renderer": {
			"version": "3.2.31",
			"resolved": "https://registry.npmjs.org/@vue/server-renderer/-/server-renderer-3.2.31.tgz",
			"integrity": "sha512-8CN3Zj2HyR2LQQBHZ61HexF5NReqngLT3oahyiVRfSSvak+oAvVmu8iNLSu6XR77Ili2AOpnAt1y8ywjjqtmkg==",
			"requires": {
				"@vue/compiler-ssr": "3.2.31",
				"@vue/shared": "3.2.31"
			}
		},
		"@vue/shared": {
			"version": "3.2.31",
			"resolved": "https://registry.npmjs.org/@vue/shared/-/shared-3.2.31.tgz",
			"integrity": "sha512-ymN2pj6zEjiKJZbrf98UM2pfDd6F2H7ksKw7NDt/ZZ1fh5Ei39X5tABugtT03ZRlWd9imccoK0hE8hpjpU7irQ=="
		},
		"csstype": {
			"version": "2.6.20",
			"resolved": "https://registry.npmjs.org/csstype/-/csstype-2.6.20.tgz",
			"integrity": "sha512-/WwNkdXfckNgw6S5R125rrW8ez139lBHWouiBvX8dfMFtcn6V81REDqnH7+CRpRipfYlyU1CmOnOxrmGcFOjeA=="
		},
		"earcut": {
			"version": "2.2.2",
			"resolved": "https://registry.npmjs.org/earcut/-/earcut-2.2.2.tgz",
			"integrity": "sha512-eZoZPPJcUHnfRZ0PjLvx2qBordSiO8ofC3vt+qACLM95u+4DovnbYNpQtJh0DNsWj8RnxrQytD4WA8gj5cRIaQ=="
		},
		"es6-promise-polyfill": {
			"version": "1.2.0",
			"resolved": "https://registry.npmjs.org/es6-promise-polyfill/-/es6-promise-polyfill-1.2.0.tgz",
			"integrity": "sha1-84kl8jyz4+jObNqP93T867sJDN4="
		},
		"estree-walker": {
			"version": "2.0.2",
			"resolved": "https://registry.npmjs.org/estree-walker/-/estree-walker-2.0.2.tgz",
			"integrity": "sha512-Rfkk/Mp/DL7JVje3u18FxFujQlTNR2q6QfMSMB7AvCBx91NGj/ba3kCfza0f6dVDbw7YlRf/nDrn7pQrCCyQ/w=="
		},
		"event-lite": {
			"version": "0.1.2",
			"resolved": "https://registry.npmjs.org/event-lite/-/event-lite-0.1.2.tgz",
			"integrity": "sha512-HnSYx1BsJ87/p6swwzv+2v6B4X+uxUteoDfRxsAb1S1BePzQqOLevVmkdA15GHJVd9A9Ok6wygUR18Hu0YeV9g=="
		},
		"eventemitter3": {
			"version": "3.1.2",
			"resolved": "https://registry.npmjs.org/eventemitter3/-/eventemitter3-3.1.2.tgz",
			"integrity": "sha512-tvtQIeLVHjDkJYnzf2dgVMxfuSGJeM/7UCG17TT4EumTfNtF+0nebF/4zWOIkCreAbtNqhGEboB6BWrwqNaw4Q=="
		},
		"howler": {
			"version": "2.2.1",
			"resolved": "https://registry.npmjs.org/howler/-/howler-2.2.1.tgz",
			"integrity": "sha512-0iIXvuBO/81CcrQ/HSSweYmbT50fT2mIc9XMFb+kxIfk2pW/iKzDbX1n3fZmDXMEIpYvyyfrB+gXwPYSDqUxIQ=="
		},
		"ieee754": {
			"version": "1.2.1",
			"resolved": "https://registry.npmjs.org/ieee754/-/ieee754-1.2.1.tgz",
			"integrity": "sha512-dcyqhDvX1C46lXZcVqCpK+FtMRQVdIMN6/Df5js2zouUsqG7I6sFxitIC+7KYK29KdXOLHdu9zL4sFnoVQnqaA=="
		},
		"int64-buffer": {
			"version": "0.1.10",
			"resolved": "https://registry.npmjs.org/int64-buffer/-/int64-buffer-0.1.10.tgz",
			"integrity": "sha1-J3siiofZWtd30HwTgyAiQGpHNCM="
		},
		"isarray": {
			"version": "1.0.0",
			"resolved": "https://registry.npmjs.org/isarray/-/isarray-1.0.0.tgz",
			"integrity": "sha1-u5NdSFgsuhaMBoNJV6VKPgcSTxE="
		},
		"ismobilejs": {
			"version": "1.1.1",
			"resolved": "https://registry.npmjs.org/ismobilejs/-/ismobilejs-1.1.1.tgz",
			"integrity": "sha512-VaFW53yt8QO61k2WJui0dHf4SlL8lxBofUuUmwBo0ljPk0Drz2TiuDW4jo3wDcv41qy/SxrJ+VAzJ/qYqsmzRw=="
		},
		"lodash.merge": {
			"version": "4.6.2",
			"resolved": "https://registry.npmjs.org/lodash.merge/-/lodash.merge-4.6.2.tgz",
			"integrity": "sha512-0KpjqXRVvrYyCsX1swR/XTK0va6VQkQM6MNo7PqW77ByjAhoARA8EfrP1N4+KlKj8YS0ZUCtRT/YUuhyYDujIQ=="
		},
		"lodash.mergewith": {
			"version": "4.6.2",
			"resolved": "https://registry.npmjs.org/lodash.mergewith/-/lodash.mergewith-4.6.2.tgz",
			"integrity": "sha512-GK3g5RPZWTRSeLSpgP8Xhra+pnjBC56q9FZYe1d5RN3TJ35dbkGy3YqBSMbyCrlbi+CM9Z3Jk5yTL7RCsqboyQ=="
		},
		"magic-string": {
			"version": "0.25.9",
			"resolved": "https://registry.npmjs.org/magic-string/-/magic-string-0.25.9.tgz",
			"integrity": "sha512-RmF0AsMzgt25qzqqLc1+MbHmhdx0ojF2Fvs4XnOqz2ZOBXzzkEwc/dJQZCYHAn7v1jbVOjAZfK8msRn4BxO4VQ==",
			"requires": {
				"sourcemap-codec": "^1.4.8"
			}
		},
		"mini-signals": {
			"version": "1.2.0",
			"resolved": "https://registry.npmjs.org/mini-signals/-/mini-signals-1.2.0.tgz",
			"integrity": "sha1-RbCAE8X65RokqhqTXNMXye1yHXQ="
		},
		"msgpack-lite": {
			"version": "0.1.26",
			"resolved": "https://registry.npmjs.org/msgpack-lite/-/msgpack-lite-0.1.26.tgz",
			"integrity": "sha1-3TxQsm8FnyXn7e42REGDWOKprYk=",
			"requires": {
				"event-lite": "^0.1.1",
				"ieee754": "^1.1.8",
				"int64-buffer": "^0.1.9",
				"isarray": "^1.0.0"
			}
		},
		"nanoid": {
			"version": "3.3.2",
			"resolved": "https://registry.npmjs.org/nanoid/-/nanoid-3.3.2.tgz",
			"integrity": "sha512-CuHBogktKwpm5g2sRgv83jEy2ijFzBwMoYA60orPDR7ynsLijJDqgsi4RDGj3OJpy3Ieb+LYwiRmIOGyytgITA=="
		},
		"object-assign": {
			"version": "4.1.1",
			"resolved": "https://registry.npmjs.org/object-assign/-/object-assign-4.1.1.tgz",
			"integrity": "sha1-IQmtx5ZYh8/AXLvUQsrIv7s2CGM="
		},
		"parse-uri": {
			"version": "1.0.3",
			"resolved": "https://registry.npmjs.org/parse-uri/-/parse-uri-1.0.3.tgz",
			"integrity": "sha512-upMnGxNcm+45So85HoguwZTVZI9u11i36DdxJfGF2HYWS2eh3TIx7+/tTi7qrEq15qzGkVhsKjesau+kCk48pA=="
		},
		"penner": {
			"version": "0.1.3",
			"resolved": "https://registry.npmjs.org/penner/-/penner-0.1.3.tgz",
			"integrity": "sha1-C4tILU6bOa8vPXw3WSIpuKzClwU="
		},
		"picocolors": {
			"version": "1.0.0",
			"resolved": "https://registry.npmjs.org/picocolors/-/picocolors-1.0.0.tgz",
			"integrity": "sha512-1fygroTLlHu66zi26VoTDv8yRgm0Fccecssto+MhsZ0D/DGW2sm8E8AjW7NU5VVTRt5GxbeZ5qBuJr+HyLYkjQ=="
		},
		"pixi-tilemap": {
			"version": "2.1.3",
			"resolved": "https://registry.npmjs.org/pixi-tilemap/-/pixi-tilemap-2.1.3.tgz",
			"integrity": "sha512-+lv0EE6/U/vL7n7bagL0QmRUbnS03UV/E49hUWhe/9bqtM+/xDvC3ha7isGy9IaTeI+YLiPbc7LCf9xw8ZDnig=="
		},
		"pixi-viewport": {
			"version": "4.15.0",
			"resolved": "https://registry.npmjs.org/pixi-viewport/-/pixi-viewport-4.15.0.tgz",
			"integrity": "sha512-7yxPgB+t4PKt24OkFhanSKWV67Wpp2aqE1/AwxoMxXAJ8NR+rurseLHfdB7Z4Y2oMvdm9spCRKWc1qacBDiXgA==",
			"requires": {
				"penner": "^0.1.3"
			}
		},
		"pixi.js": {
			"version": "5.3.10",
			"resolved": "https://registry.npmjs.org/pixi.js/-/pixi.js-5.3.10.tgz",
			"integrity": "sha512-uyFPos2ORCu2nJK06wr9ocfgHHSgnsCxTwusH6OnqQxZtYymIS6lGeo0Qw3ox2u61oQ+u/VAoqBPCGA772rlGQ==",
			"requires": {
				"@pixi/accessibility": "5.3.10",
				"@pixi/app": "5.3.10",
				"@pixi/constants": "5.3.10",
				"@pixi/core": "5.3.10",
				"@pixi/display": "5.3.10",
				"@pixi/extract": "5.3.10",
				"@pixi/filter-alpha": "5.3.10",
				"@pixi/filter-blur": "5.3.10",
				"@pixi/filter-color-matrix": "5.3.10",
				"@pixi/filter-displacement": "5.3.10",
				"@pixi/filter-fxaa": "5.3.10",
				"@pixi/filter-noise": "5.3.10",
				"@pixi/graphics": "5.3.10",
				"@pixi/interaction": "5.3.10",
				"@pixi/loaders": "5.3.10",
				"@pixi/math": "5.3.10",
				"@pixi/mesh": "5.3.10",
				"@pixi/mesh-extras": "5.3.10",
				"@pixi/mixin-cache-as-bitmap": "5.3.10",
				"@pixi/mixin-get-child-by-name": "5.3.10",
				"@pixi/mixin-get-global-position": "5.3.10",
				"@pixi/particles": "5.3.10",
				"@pixi/polyfill": "5.3.10",
				"@pixi/prepare": "5.3.10",
				"@pixi/runner": "5.3.10",
				"@pixi/settings": "5.3.10",
				"@pixi/sprite": "5.3.10",
				"@pixi/sprite-animated": "5.3.10",
				"@pixi/sprite-tiling": "5.3.10",
				"@pixi/spritesheet": "5.3.10",
				"@pixi/text": "5.3.10",
				"@pixi/text-bitmap": "5.3.10",
				"@pixi/ticker": "5.3.10",
				"@pixi/utils": "5.3.10"
			}
		},
		"postcss": {
			"version": "8.4.12",
			"resolved": "https://registry.npmjs.org/postcss/-/postcss-8.4.12.tgz",
			"integrity": "sha512-lg6eITwYe9v6Hr5CncVbK70SoioNQIq81nsaG86ev5hAidQvmOeETBqs7jm43K2F5/Ley3ytDtriImV6TpNiSg==",
			"requires": {
				"nanoid": "^3.3.1",
				"picocolors": "^1.0.0",
				"source-map-js": "^1.0.2"
			}
		},
		"punycode": {
			"version": "1.3.2",
			"resolved": "https://registry.npmjs.org/punycode/-/punycode-1.3.2.tgz",
			"integrity": "sha1-llOgNvt8HuQjQvIyXM7v6jkmxI0="
		},
		"querystring": {
			"version": "0.2.0",
			"resolved": "https://registry.npmjs.org/querystring/-/querystring-0.2.0.tgz",
			"integrity": "sha1-sgmEkgO7Jd+CDadW50cAWHhSFiA="
		},
		"resource-loader": {
			"version": "3.0.1",
			"resolved": "https://registry.npmjs.org/resource-loader/-/resource-loader-3.0.1.tgz",
			"integrity": "sha512-fBuCRbEHdLCI1eglzQhUv9Rrdcmqkydr1r6uHE2cYHvRBrcLXeSmbE/qI/urFt8rPr/IGxir3BUwM5kUK8XoyA==",
			"requires": {
				"mini-signals": "^1.2.0",
				"parse-uri": "^1.0.0"
			}
		},
		"rxjs": {
			"version": "6.6.3",
			"resolved": "https://registry.npmjs.org/rxjs/-/rxjs-6.6.3.tgz",
			"integrity": "sha512-trsQc+xYYXZ3urjOiJOuCOa5N3jAZ3eiSpQB5hIT8zGlL2QfnHLJ2r7GMkBGuIausdJN1OneaI6gQlsqNHHmZQ==",
			"requires": {
				"tslib": "^1.9.0"
			}
		},
		"sat": {
			"version": "0.8.0",
			"resolved": "https://registry.npmjs.org/sat/-/sat-0.8.0.tgz",
			"integrity": "sha512-W0iWln+43pb+74lxcYW24BrueFMMefdqHvHxGQ/W0NemnyBXrV0oE23kGNjPRgwIoTuodYIH3ul2jqLrf4VGSA=="
		},
		"source-map": {
			"version": "0.6.1",
			"resolved": "https://registry.npmjs.org/source-map/-/source-map-0.6.1.tgz",
			"integrity": "sha512-UjgapumWlbMhkBgzT7Ykc5YXUT46F0iKu8SGXq0bcwP5dz/h0Plj6enJqjz1Zbq2l5WaqYnrVbwWOWMyF3F47g=="
		},
		"source-map-js": {
			"version": "1.0.2",
			"resolved": "https://registry.npmjs.org/source-map-js/-/source-map-js-1.0.2.tgz",
			"integrity": "sha512-R0XvVJ9WusLiqTCEiGCmICCMplcCkIwwR11mOSD9CR5u+IXYdiseeEuXCVAjS54zqwkLcPNnmU4OeJ6tUrWhDw=="
		},
		"sourcemap-codec": {
			"version": "1.4.8",
			"resolved": "https://registry.npmjs.org/sourcemap-codec/-/sourcemap-codec-1.4.8.tgz",
			"integrity": "sha512-9NykojV5Uih4lgo5So5dtw+f0JgJX30KCNI8gwhz2J9A15wD0Ml6tjHKwf6fTSa6fAdVBdZeNOs9eJ71qCk8vA=="
		},
		"tslib": {
			"version": "1.14.1",
			"resolved": "https://registry.npmjs.org/tslib/-/tslib-1.14.1.tgz",
			"integrity": "sha512-Xni35NKzjgMrwevysHTCArtLDpPvye8zV/0E4EyYn43P7/7qvQwPh9BGkHewbMulVntbigmcT7rdX3BNo9wRJg=="
		},
		"typescript": {
			"version": "4.3.5",
			"resolved": "https://registry.npmjs.org/typescript/-/typescript-4.3.5.tgz",
			"integrity": "sha512-DqQgihaQ9cUrskJo9kIyW/+g0Vxsk8cDtZ52a3NGh0YNTfpUSArXSohyUGnvbPazEPLu398C0UxmKSOrPumUzA==",
			"dev": true
		},
		"url": {
			"version": "0.11.0",
			"resolved": "https://registry.npmjs.org/url/-/url-0.11.0.tgz",
			"integrity": "sha1-ODjpfPxgUh63PFJajlW/3Z4uKPE=",
			"requires": {
				"punycode": "1.3.2",
				"querystring": "0.2.0"
			}
		},
		"vue": {
			"version": "3.2.31",
			"resolved": "https://registry.npmjs.org/vue/-/vue-3.2.31.tgz",
			"integrity": "sha512-odT3W2tcffTiQCy57nOT93INw1auq5lYLLYtWpPYQQYQOOdHiqFct9Xhna6GJ+pJQaF67yZABraH47oywkJgFw==",
			"requires": {
				"@vue/compiler-dom": "3.2.31",
				"@vue/compiler-sfc": "3.2.31",
				"@vue/runtime-dom": "3.2.31",
				"@vue/server-renderer": "3.2.31",
				"@vue/shared": "3.2.31"
			}
		},
		"workerpool": {
			"version": "6.2.0",
			"resolved": "https://registry.npmjs.org/workerpool/-/workerpool-6.2.0.tgz",
			"integrity": "sha512-Rsk5qQHJ9eowMH28Jwhe8HEbmdYDX4lwoMWshiCXugjtHqMD9ZbiqSDLxcsfdqsETPzVUtX5s1Z5kStiIM6l4A=="
		}
	}
}
