{
	"name": "@rpgjs/client",
	"version": "3.0.0-beta.4",
	"lockfileVersion": 1,
	"requires": true,
	"dependencies": {
		"@babel/helper-validator-identifier": {
			"version": "7.14.5",
			"resolved": "https://registry.npmjs.org/@babel/helper-validator-identifier/-/helper-validator-identifier-7.14.5.tgz",
			"integrity": "sha512-5lsetuxCLilmVGyiLEfoHBRX8UCFD+1m2x3Rj97WrW3V7H3u4RWRXA4evMjImCsin2J2YT0QaVDGf+z8ondbAg=="
		},
		"@babel/parser": {
			"version": "7.14.5",
			"resolved": "https://registry.npmjs.org/@babel/parser/-/parser-7.14.5.tgz",
			"integrity": "sha512-TM8C+xtH/9n1qzX+JNHi7AN2zHMTiPUtspO0ZdHflW8KaskkALhMmuMHb4bCmNdv9VAPzJX3/bXqkVLnAvsPfg=="
		},
		"@babel/types": {
			"version": "7.14.5",
			"resolved": "https://registry.npmjs.org/@babel/types/-/types-7.14.5.tgz",
			"integrity": "sha512-M/NzBpEL95I5Hh4dwhin5JlE7EzO5PHMAuzjxss3tiOBD46KfQvVedN/3jEPZvdRvtsK2222XfdHogNIttFgcg==",
			"requires": {
				"@babel/helper-validator-identifier": "^7.14.5",
				"to-fast-properties": "^2.0.0"
			}
		},
		"@geckos.io/snapshot-interpolation": {
			"version": "1.0.2",
			"resolved": "https://registry.npmjs.org/@geckos.io/snapshot-interpolation/-/snapshot-interpolation-1.0.2.tgz",
			"integrity": "sha512-gJnWTNBeBXaaKPKxCx7BkWZWjxajfVM4jltHr7BASvoptM4itMtlcztac+yuJqrOWbzsPHPg8YRfzXKciRP1ZA=="
		},
		"@pixi/accessibility": {
			"version": "5.3.10",
			"resolved": "https://registry.npmjs.org/@pixi/accessibility/-/accessibility-5.3.10.tgz",
			"integrity": "sha512-DPdeC1Wrnd/0yne9BMlD2HjWfBcrbA4Ho+UUibwFAm3FZJin+OSWzlyaQ26kodj6sPbNTS7SIAGTh65bem9vow==",
			"requires": {
				"@pixi/core": "5.3.10",
				"@pixi/display": "5.3.10",
				"@pixi/utils": "5.3.10"
			}
		},
		"@pixi/app": {
			"version": "5.3.10",
			"resolved": "https://registry.npmjs.org/@pixi/app/-/app-5.3.10.tgz",
			"integrity": "sha512-7RRVf6vcR5qqbXrncKp5efOXFRHe6zs8e7tRC2VlxbVpZdsfXOjUyM4qkGkYRgfWrXv04ezXGT9I28sJ+6mP8Q==",
			"requires": {
				"@pixi/core": "5.3.10",
				"@pixi/display": "5.3.10"
			}
		},
		"@pixi/constants": {
			"version": "5.3.10",
			"resolved": "https://registry.npmjs.org/@pixi/constants/-/constants-5.3.10.tgz",
			"integrity": "sha512-g89d8Twk4Uz62i92FPfMHlSyrxHy/uNp4qtw4IcQLlSi6jVESRalTlOMyUy2hVWjQf1uT7+j2IM9Vu33ZIxO/w=="
		},
		"@pixi/core": {
			"version": "5.3.10",
			"resolved": "https://registry.npmjs.org/@pixi/core/-/core-5.3.10.tgz",
			"integrity": "sha512-cU2OUoAaMpFs00EfTBH9TbtIqUs5X7qEK32DXfKbSCp6BMKayBa3S4320VNtidFwpi8tKqkoMa4qy5zX7lxmIQ==",
			"requires": {
				"@pixi/constants": "5.3.10",
				"@pixi/math": "5.3.10",
				"@pixi/runner": "5.3.10",
				"@pixi/settings": "5.3.10",
				"@pixi/ticker": "5.3.10",
				"@pixi/utils": "5.3.10"
			}
		},
		"@pixi/display": {
			"version": "5.3.10",
			"resolved": "https://registry.npmjs.org/@pixi/display/-/display-5.3.10.tgz",
			"integrity": "sha512-a1t4KXH4Wlp7GLHwZen5bkwMOYgUKv2rpup6mEWuDz457Z2+i3y5IMtExmvbGIXLDYbgpNV9YHpY4r0kh8wcxA==",
			"requires": {
				"@pixi/math": "5.3.10",
				"@pixi/settings": "5.3.10",
				"@pixi/utils": "5.3.10"
			}
		},
		"@pixi/extract": {
			"version": "5.3.10",
			"resolved": "https://registry.npmjs.org/@pixi/extract/-/extract-5.3.10.tgz",
			"integrity": "sha512-CJU50rxlzUD9xVXLDthhfn9h1jsphe4ikqxseYFzLI3bhw3O57Vf3QTbyemqo7RcR+/nfoe+BovOlHA9a6swsQ==",
			"requires": {
				"@pixi/core": "5.3.10",
				"@pixi/math": "5.3.10",
				"@pixi/utils": "5.3.10"
			}
		},
		"@pixi/filter-alpha": {
			"version": "5.3.10",
			"resolved": "https://registry.npmjs.org/@pixi/filter-alpha/-/filter-alpha-5.3.10.tgz",
			"integrity": "sha512-ZHJwFajmeHUqo0J6x50jA6NB57jHIaRRgE0/z/HgKKDgupGcnKGsbH5fzweFoaDvYiMqWHTE2BFSqBQ48KozNg==",
			"requires": {
				"@pixi/core": "5.3.10"
			}
		},
		"@pixi/filter-blur": {
			"version": "5.3.10",
			"resolved": "https://registry.npmjs.org/@pixi/filter-blur/-/filter-blur-5.3.10.tgz",
			"integrity": "sha512-rzW2Q0a79+BjyYX9H2vz+fG3dSR5fRC5Gc7KuNdaNvXpAT7YNGAvwYV2fqFTa2cPIS1nNqSEQyMOUrc8Z3N4Hw==",
			"requires": {
				"@pixi/core": "5.3.10",
				"@pixi/settings": "5.3.10"
			}
		},
		"@pixi/filter-color-matrix": {
			"version": "5.3.10",
			"resolved": "https://registry.npmjs.org/@pixi/filter-color-matrix/-/filter-color-matrix-5.3.10.tgz",
			"integrity": "sha512-ZjyAKfOmOq7rfLZRhWXR5SaMba7svoKSZFcbPfC3lXmiYijwtVtzXLwrofJ/Qkz5qrOedtD/VbuMVBDj/SHybA==",
			"requires": {
				"@pixi/core": "5.3.10"
			}
		},
		"@pixi/filter-displacement": {
			"version": "5.3.10",
			"resolved": "https://registry.npmjs.org/@pixi/filter-displacement/-/filter-displacement-5.3.10.tgz",
			"integrity": "sha512-FomBavESApTi8Zhpb4JP5MHoCxRKTc0vN9E9rFNcYpKH0UVQwGhrXEFlg4w6SF3Ur+xhPYgQVi8D4njkPbzUEA==",
			"requires": {
				"@pixi/core": "5.3.10",
				"@pixi/math": "5.3.10"
			}
		},
		"@pixi/filter-fxaa": {
			"version": "5.3.10",
			"resolved": "https://registry.npmjs.org/@pixi/filter-fxaa/-/filter-fxaa-5.3.10.tgz",
			"integrity": "sha512-l6S+kjb1tKnwykhNM8LaPHRLIedd0xkACYB6XAcdICq6Kz3IrVTDtYa613h3dqFJoJs+EnsNpmTsQzXi+mw2sg==",
			"requires": {
				"@pixi/core": "5.3.10"
			}
		},
		"@pixi/filter-noise": {
			"version": "5.3.10",
			"resolved": "https://registry.npmjs.org/@pixi/filter-noise/-/filter-noise-5.3.10.tgz",
			"integrity": "sha512-egan5kXaaN4gMVZJd41RPW/UMFMOg2gSBzJSi4yIuMhHk+n6AHYgAmBoLIAiorRrmx3sPwa+x6IDDIhkhzrC4w==",
			"requires": {
				"@pixi/core": "5.3.10"
			}
		},
		"@pixi/graphics": {
			"version": "5.3.10",
			"resolved": "https://registry.npmjs.org/@pixi/graphics/-/graphics-5.3.10.tgz",
			"integrity": "sha512-aqJXc6He1Tyg4Dh+DwEqHud9GjZDk0/rMKccNUhln2CCYYu58/uX863CttzZQ9gHYcqPsNPaE41AtH95KnKT1w==",
			"requires": {
				"@pixi/constants": "5.3.10",
				"@pixi/core": "5.3.10",
				"@pixi/display": "5.3.10",
				"@pixi/math": "5.3.10",
				"@pixi/sprite": "5.3.10",
				"@pixi/utils": "5.3.10"
			}
		},
		"@pixi/interaction": {
			"version": "5.3.10",
			"resolved": "https://registry.npmjs.org/@pixi/interaction/-/interaction-5.3.10.tgz",
			"integrity": "sha512-KgScDisaRzBbvdgbdbMmx2y+87XsHv9cI9xOTlSxCLMl0MZwJT8FIRpsohtyVJJvBJhnWrpYuZzeBNqJwdcIEg==",
			"requires": {
				"@pixi/core": "5.3.10",
				"@pixi/display": "5.3.10",
				"@pixi/math": "5.3.10",
				"@pixi/ticker": "5.3.10",
				"@pixi/utils": "5.3.10"
			}
		},
		"@pixi/loaders": {
			"version": "5.3.10",
			"resolved": "https://registry.npmjs.org/@pixi/loaders/-/loaders-5.3.10.tgz",
			"integrity": "sha512-jaVHk1osJeMs8piRnnzf/rgMizNnOQKOEKzluI+2jfye/3Kuht+feJ+LX/Gx0HmQZ3vsmqaLL6NChZ8+oYGO+Q==",
			"requires": {
				"@pixi/core": "5.3.10",
				"@pixi/utils": "5.3.10",
				"resource-loader": "^3.0.1"
			}
		},
		"@pixi/math": {
			"version": "5.3.10",
			"resolved": "https://registry.npmjs.org/@pixi/math/-/math-5.3.10.tgz",
			"integrity": "sha512-t96px9xohUnRnCZ7DoFOdPG9C0OhSNAmiOK4s1DLJfoNjY+0J/2gKgUDNpUA9z3OhNJ7/APGUuie6KKyrYixoQ=="
		},
		"@pixi/mesh": {
			"version": "5.3.10",
			"resolved": "https://registry.npmjs.org/@pixi/mesh/-/mesh-5.3.10.tgz",
			"integrity": "sha512-1HLOlJeTcIrlfBofXauuklBTjuSlEqezRPz3bN6zObm6PJGk5CJ9ePm40V6aug60LvqhNm+DlIZvs0l0yiV9HA==",
			"requires": {
				"@pixi/constants": "5.3.10",
				"@pixi/core": "5.3.10",
				"@pixi/display": "5.3.10",
				"@pixi/math": "5.3.10",
				"@pixi/settings": "5.3.10",
				"@pixi/utils": "5.3.10"
			}
		},
		"@pixi/mesh-extras": {
			"version": "5.3.10",
			"resolved": "https://registry.npmjs.org/@pixi/mesh-extras/-/mesh-extras-5.3.10.tgz",
			"integrity": "sha512-mAXpjKLAaTXBYLK3SBlYjjVyA/X/Ia+AbgAhisfYRvWH0JLEYbNqEIvwAAKSzQUbjjsHps9SXYhdHw0Afc2a3w==",
			"requires": {
				"@pixi/constants": "5.3.10",
				"@pixi/core": "5.3.10",
				"@pixi/math": "5.3.10",
				"@pixi/mesh": "5.3.10",
				"@pixi/utils": "5.3.10"
			}
		},
		"@pixi/mixin-cache-as-bitmap": {
			"version": "5.3.10",
			"resolved": "https://registry.npmjs.org/@pixi/mixin-cache-as-bitmap/-/mixin-cache-as-bitmap-5.3.10.tgz",
			"integrity": "sha512-PzKihO1hUPf3mfbn0wE4DSgzeUhyLuvWbogHPg5zDTd4dqtIEN4aPmB7kEb48x6hZuZqaJzfrJkwhr4SJqvO6w==",
			"requires": {
				"@pixi/core": "5.3.10",
				"@pixi/display": "5.3.10",
				"@pixi/math": "5.3.10",
				"@pixi/settings": "5.3.10",
				"@pixi/sprite": "5.3.10",
				"@pixi/utils": "5.3.10"
			}
		},
		"@pixi/mixin-get-child-by-name": {
			"version": "5.3.10",
			"resolved": "https://registry.npmjs.org/@pixi/mixin-get-child-by-name/-/mixin-get-child-by-name-5.3.10.tgz",
			"integrity": "sha512-Q5xv1vtbiv+4ZVhd+cWI/K/tWnQy7Pe/y8JYXJx8xc27jzWUrwJkwnVFJYrhcXXndu1Z1pfuC/NeRAcqskxztQ==",
			"requires": {
				"@pixi/display": "5.3.10"
			}
		},
		"@pixi/mixin-get-global-position": {
			"version": "5.3.10",
			"resolved": "https://registry.npmjs.org/@pixi/mixin-get-global-position/-/mixin-get-global-position-5.3.10.tgz",
			"integrity": "sha512-GJIaN3Ic8m/9zzS/b7c1ygPxQ1U/ApoHD8ArZWMU5REizVdGxSGdCe+PrT8+wfyqvS4GGAVnfQR4tInanQ1zJQ==",
			"requires": {
				"@pixi/display": "5.3.10",
				"@pixi/math": "5.3.10"
			}
		},
		"@pixi/particles": {
			"version": "5.3.10",
			"resolved": "https://registry.npmjs.org/@pixi/particles/-/particles-5.3.10.tgz",
			"integrity": "sha512-dig0EI0KMyLExgK79zPg/iCriEQC61aQLvhqoutjCKTTpzemk6Zbigw0aR6vnGRnobUPwlUeESrP+KMT9XicRw==",
			"requires": {
				"@pixi/constants": "5.3.10",
				"@pixi/core": "5.3.10",
				"@pixi/display": "5.3.10",
				"@pixi/math": "5.3.10",
				"@pixi/utils": "5.3.10"
			}
		},
		"@pixi/polyfill": {
			"version": "5.3.10",
			"resolved": "https://registry.npmjs.org/@pixi/polyfill/-/polyfill-5.3.10.tgz",
			"integrity": "sha512-hUouzYxaqo6AA3dM7lrfGxUf0Y0IhvjVNPT7/DaYBnlJat3Lo/IPY3xkxuAn2NSuYC5pbqFMGkZelxWkgksmCw==",
			"requires": {
				"es6-promise-polyfill": "^1.2.0",
				"object-assign": "^4.1.1"
			}
		},
		"@pixi/prepare": {
			"version": "5.3.10",
			"resolved": "https://registry.npmjs.org/@pixi/prepare/-/prepare-5.3.10.tgz",
			"integrity": "sha512-BDIuv2JjCaUuKSIEDReHtcSAyisM7pEpELnW9YcLi2ARNUE67vBhDdrC+KemQUHQi7Mf0NgOVb7PhOEJbt3oXQ==",
			"requires": {
				"@pixi/core": "5.3.10",
				"@pixi/display": "5.3.10",
				"@pixi/graphics": "5.3.10",
				"@pixi/settings": "5.3.10",
				"@pixi/text": "5.3.10",
				"@pixi/ticker": "5.3.10"
			}
		},
		"@pixi/runner": {
			"version": "5.3.10",
			"resolved": "https://registry.npmjs.org/@pixi/runner/-/runner-5.3.10.tgz",
			"integrity": "sha512-MKqoBlMaupsRUQNIgLGTFb7yjEI62+YAU0wvVxuPlHXXjUprRwCslhKdqivrmLR3mdaHtVH6WtbW0nXBr8ELaw=="
		},
		"@pixi/settings": {
			"version": "5.3.10",
			"resolved": "https://registry.npmjs.org/@pixi/settings/-/settings-5.3.10.tgz",
			"integrity": "sha512-LFKgWKVWO/z/4OME6PTCx53kxzGNohOwt+hfcGGvWjKx7+CqzQhcXUJT20j6BTn+qpv96okXduwmBsVDJnPtCQ==",
			"requires": {
				"ismobilejs": "^1.1.0"
			}
		},
		"@pixi/sprite": {
			"version": "5.3.10",
			"resolved": "https://registry.npmjs.org/@pixi/sprite/-/sprite-5.3.10.tgz",
			"integrity": "sha512-PDIO0Bg1NQLHDN18NaRB0DnfL7OZH/Rw6KX1v/MuU0ThbI0Z82QteEE+VwdUyInSsTHUY4gSkcWjBvMxTjFI7g==",
			"requires": {
				"@pixi/constants": "5.3.10",
				"@pixi/core": "5.3.10",
				"@pixi/display": "5.3.10",
				"@pixi/math": "5.3.10",
				"@pixi/settings": "5.3.10",
				"@pixi/utils": "5.3.10"
			}
		},
		"@pixi/sprite-animated": {
			"version": "5.3.10",
			"resolved": "https://registry.npmjs.org/@pixi/sprite-animated/-/sprite-animated-5.3.10.tgz",
			"integrity": "sha512-JRbm4hDSzprcDHXAmkCq4HPPodli+skXczenilBJsXYyDSgRI8HGBYVTBYU1rr3qb9TUIaBLvo/xQg9iBtvIRQ==",
			"requires": {
				"@pixi/core": "5.3.10",
				"@pixi/sprite": "5.3.10",
				"@pixi/ticker": "5.3.10"
			}
		},
		"@pixi/sprite-tiling": {
			"version": "5.3.10",
			"resolved": "https://registry.npmjs.org/@pixi/sprite-tiling/-/sprite-tiling-5.3.10.tgz",
			"integrity": "sha512-JzUBspdhChHUQicm4VWcvyIjN2amjvRAO30FebdAI4Mu0/1T70ZkZG53CbF3ewENv0PkFXJmILXK0YQ7n9JCVg==",
			"requires": {
				"@pixi/constants": "5.3.10",
				"@pixi/core": "5.3.10",
				"@pixi/display": "5.3.10",
				"@pixi/math": "5.3.10",
				"@pixi/sprite": "5.3.10",
				"@pixi/utils": "5.3.10"
			}
		},
		"@pixi/spritesheet": {
			"version": "5.3.10",
			"resolved": "https://registry.npmjs.org/@pixi/spritesheet/-/spritesheet-5.3.10.tgz",
			"integrity": "sha512-Q3xHnQslBQQwUJ3v5trPm82lZ1zhOVPqDKkAoPBVVpbO4OXq1qe0t0ifsa153XYenITFnEmhim5t5463+pYl/g==",
			"requires": {
				"@pixi/core": "5.3.10",
				"@pixi/loaders": "5.3.10",
				"@pixi/math": "5.3.10",
				"@pixi/utils": "5.3.10"
			}
		},
		"@pixi/text": {
			"version": "5.3.10",
			"resolved": "https://registry.npmjs.org/@pixi/text/-/text-5.3.10.tgz",
			"integrity": "sha512-IRo+/8Xi8SpuJ4x+GnMoe4Qh7b4WIj1HceSf+8+Nfyk4l0/CHgUZlAOKn3gkXS0Yv9189mCPTtLmjw0HthHttw==",
			"requires": {
				"@pixi/core": "5.3.10",
				"@pixi/math": "5.3.10",
				"@pixi/settings": "5.3.10",
				"@pixi/sprite": "5.3.10",
				"@pixi/utils": "5.3.10"
			}
		},
		"@pixi/text-bitmap": {
			"version": "5.3.10",
			"resolved": "https://registry.npmjs.org/@pixi/text-bitmap/-/text-bitmap-5.3.10.tgz",
			"integrity": "sha512-1jRzkHnipyJW/7zvAQnRRaO5MLL7qDrVxi1UG4bnm0SqGfYMd6WpKTPwcjJBLCR15r8DrQjfX9rCHkFGmjPoLA==",
			"requires": {
				"@pixi/core": "5.3.10",
				"@pixi/display": "5.3.10",
				"@pixi/loaders": "5.3.10",
				"@pixi/math": "5.3.10",
				"@pixi/mesh": "5.3.10",
				"@pixi/settings": "5.3.10",
				"@pixi/text": "5.3.10",
				"@pixi/utils": "5.3.10"
			}
		},
		"@pixi/ticker": {
			"version": "5.3.10",
			"resolved": "https://registry.npmjs.org/@pixi/ticker/-/ticker-5.3.10.tgz",
			"integrity": "sha512-blrtXLhNcr6KTsPDhCbo4oExiwX1l0IS/R0HR6J7lSM7ZKsXMjWKyYIYG81kknJRCfOwo1aKzzf+O7A5l0ZvQw==",
			"requires": {
				"@pixi/settings": "5.3.10"
			}
		},
		"@pixi/utils": {
			"version": "5.3.10",
			"resolved": "https://registry.npmjs.org/@pixi/utils/-/utils-5.3.10.tgz",
			"integrity": "sha512-iiuDtX8yTYtH6w2QO3ZqPdbpaHGVDSnPSVpiyN6TcBTougHC4rPFsHAnAyXaREGiXwRnxXTpvOUfw6JyECgYsA==",
			"requires": {
				"@pixi/constants": "5.3.10",
				"@pixi/settings": "5.3.10",
				"earcut": "^2.1.5",
				"eventemitter3": "^3.1.0",
				"url": "^0.11.0"
			}
		},
		"@tweenjs/tween.js": {
			"version": "18.6.4",
			"resolved": "https://registry.npmjs.org/@tweenjs/tween.js/-/tween.js-18.6.4.tgz",
			"integrity": "sha512-lB9lMjuqjtuJrx7/kOkqQBtllspPIN+96OvTCeJ2j5FEzinoAXTdAMFnDAQT1KVPRlnYfBrqxtqP66vDM40xxQ=="
		},
		"@types/howler": {
			"version": "2.2.1",
			"resolved": "https://registry.npmjs.org/@types/howler/-/howler-2.2.1.tgz",
			"integrity": "sha512-1MiSldngr+eAO4lDPtjzl4Nf2GmRh8VDHIpNBIkyd25L22JExVlI6w3fjSM7+FNc1e1WZAPNq7/flkw685byfg=="
		},
		"@vue/compiler-core": {
			"version": "3.0.4",
			"resolved": "https://registry.npmjs.org/@vue/compiler-core/-/compiler-core-3.0.4.tgz",
			"integrity": "sha512-snpMICsbWTZqBFnPB03qr4DtiSxVYfDF3DvbDSkN9Z9NTM8Chl8E/lYhKBSsvauq91DAWAh8PU3lr9vrLyQsug==",
			"requires": {
				"@babel/parser": "^7.12.0",
				"@babel/types": "^7.12.0",
				"@vue/shared": "3.0.4",
				"estree-walker": "^2.0.1",
				"source-map": "^0.6.1"
			}
		},
		"@vue/compiler-dom": {
			"version": "3.0.4",
			"resolved": "https://registry.npmjs.org/@vue/compiler-dom/-/compiler-dom-3.0.4.tgz",
			"integrity": "sha512-FOxbHBIkkGjYQeTz1DlXQjS1Ms8EPXQWsdTdTPeohoS0KzCz6RiOjiAG+jLtMi6Nr5GX2h0TlCvcnI8mcsicFQ==",
			"requires": {
				"@vue/compiler-core": "3.0.4",
				"@vue/shared": "3.0.4"
			}
		},
		"@vue/reactivity": {
			"version": "3.0.4",
			"resolved": "https://registry.npmjs.org/@vue/reactivity/-/reactivity-3.0.4.tgz",
			"integrity": "sha512-AFTABrLhUYZY2on3ea9FxeXal7w3f6qIp9gT+/oG93H7dFTL5LvVnxygCopv7tvkIl/GSGQb/yK1D1gmXx1Pww==",
			"requires": {
				"@vue/shared": "3.0.4"
			}
		},
		"@vue/runtime-core": {
			"version": "3.0.4",
			"resolved": "https://registry.npmjs.org/@vue/runtime-core/-/runtime-core-3.0.4.tgz",
			"integrity": "sha512-qH9e4kqU7b3u1JewvLmGmoAGY+mnuBqz7aEKb2mhpEgwa1yFv496BRuUfMXXMCix3+TndUVMJ8jt41FSdNppwg==",
			"requires": {
				"@vue/reactivity": "3.0.4",
				"@vue/shared": "3.0.4"
			}
		},
		"@vue/runtime-dom": {
			"version": "3.0.4",
			"resolved": "https://registry.npmjs.org/@vue/runtime-dom/-/runtime-dom-3.0.4.tgz",
			"integrity": "sha512-BGIoiTSESzWUhN0Ofi2X/q+HN8f6IUFmUEyyBGKbmx7DTAJNZhFfjqsepfXQrM5IGeTfJLB1ZEVyroDQJNXq3g==",
			"requires": {
				"@vue/runtime-core": "3.0.4",
				"@vue/shared": "3.0.4",
				"csstype": "^2.6.8"
			}
		},
		"@vue/shared": {
			"version": "3.0.4",
			"resolved": "https://registry.npmjs.org/@vue/shared/-/shared-3.0.4.tgz",
			"integrity": "sha512-Swfbz31AaMX48CpFl+YmIrqOH9MgJMTrltG9e26A4ZxYx9LjGuMV+41WnxFzS3Bc9nbrc6sDPM37G6nIT8NJSg=="
		},
		"csstype": {
			"version": "2.6.17",
			"resolved": "https://registry.npmjs.org/csstype/-/csstype-2.6.17.tgz",
			"integrity": "sha512-u1wmTI1jJGzCJzWndZo8mk4wnPTZd1eOIYTYvuEyOQGfmDl3TrabCCfKnOC86FZwW/9djqTl933UF/cS425i9A=="
		},
		"earcut": {
			"version": "2.2.2",
			"resolved": "https://registry.npmjs.org/earcut/-/earcut-2.2.2.tgz",
			"integrity": "sha512-eZoZPPJcUHnfRZ0PjLvx2qBordSiO8ofC3vt+qACLM95u+4DovnbYNpQtJh0DNsWj8RnxrQytD4WA8gj5cRIaQ=="
		},
		"es6-promise-polyfill": {
			"version": "1.2.0",
			"resolved": "https://registry.npmjs.org/es6-promise-polyfill/-/es6-promise-polyfill-1.2.0.tgz",
			"integrity": "sha1-84kl8jyz4+jObNqP93T867sJDN4="
		},
		"estree-walker": {
			"version": "2.0.2",
			"resolved": "https://registry.npmjs.org/estree-walker/-/estree-walker-2.0.2.tgz",
			"integrity": "sha512-Rfkk/Mp/DL7JVje3u18FxFujQlTNR2q6QfMSMB7AvCBx91NGj/ba3kCfza0f6dVDbw7YlRf/nDrn7pQrCCyQ/w=="
		},
		"eventemitter3": {
			"version": "3.1.2",
			"resolved": "https://registry.npmjs.org/eventemitter3/-/eventemitter3-3.1.2.tgz",
			"integrity": "sha512-tvtQIeLVHjDkJYnzf2dgVMxfuSGJeM/7UCG17TT4EumTfNtF+0nebF/4zWOIkCreAbtNqhGEboB6BWrwqNaw4Q=="
		},
		"howler": {
			"version": "2.2.1",
			"resolved": "https://registry.npmjs.org/howler/-/howler-2.2.1.tgz",
			"integrity": "sha512-0iIXvuBO/81CcrQ/HSSweYmbT50fT2mIc9XMFb+kxIfk2pW/iKzDbX1n3fZmDXMEIpYvyyfrB+gXwPYSDqUxIQ=="
		},
		"ismobilejs": {
			"version": "1.1.1",
			"resolved": "https://registry.npmjs.org/ismobilejs/-/ismobilejs-1.1.1.tgz",
			"integrity": "sha512-VaFW53yt8QO61k2WJui0dHf4SlL8lxBofUuUmwBo0ljPk0Drz2TiuDW4jo3wDcv41qy/SxrJ+VAzJ/qYqsmzRw=="
		},
		"lodash.merge": {
			"version": "4.6.2",
			"resolved": "https://registry.npmjs.org/lodash.merge/-/lodash.merge-4.6.2.tgz",
			"integrity": "sha512-0KpjqXRVvrYyCsX1swR/XTK0va6VQkQM6MNo7PqW77ByjAhoARA8EfrP1N4+KlKj8YS0ZUCtRT/YUuhyYDujIQ=="
		},
		"mini-signals": {
			"version": "1.2.0",
			"resolved": "https://registry.npmjs.org/mini-signals/-/mini-signals-1.2.0.tgz",
			"integrity": "sha1-RbCAE8X65RokqhqTXNMXye1yHXQ="
		},
		"object-assign": {
			"version": "4.1.1",
			"resolved": "https://registry.npmjs.org/object-assign/-/object-assign-4.1.1.tgz",
			"integrity": "sha1-IQmtx5ZYh8/AXLvUQsrIv7s2CGM="
		},
		"parse-uri": {
			"version": "1.0.3",
			"resolved": "https://registry.npmjs.org/parse-uri/-/parse-uri-1.0.3.tgz",
			"integrity": "sha512-upMnGxNcm+45So85HoguwZTVZI9u11i36DdxJfGF2HYWS2eh3TIx7+/tTi7qrEq15qzGkVhsKjesau+kCk48pA=="
		},
		"penner": {
			"version": "0.1.3",
			"resolved": "https://registry.npmjs.org/penner/-/penner-0.1.3.tgz",
			"integrity": "sha1-C4tILU6bOa8vPXw3WSIpuKzClwU="
		},
		"pixi-heaven": {
			"version": "0.2.2",
			"resolved": "https://registry.npmjs.org/pixi-heaven/-/pixi-heaven-0.2.2.tgz",
			"integrity": "sha512-XShqkUnjnEIovGmDa2YRwYwom1+Dm9pu+aQ3jHNgdIzaByWjxX3ZGUBpJQ6BazNQip7WAshtnWAZyDZOF0RrxQ=="
		},
		"pixi-tilemap": {
			"version": "2.1.3",
			"resolved": "https://registry.npmjs.org/pixi-tilemap/-/pixi-tilemap-2.1.3.tgz",
			"integrity": "sha512-+lv0EE6/U/vL7n7bagL0QmRUbnS03UV/E49hUWhe/9bqtM+/xDvC3ha7isGy9IaTeI+YLiPbc7LCf9xw8ZDnig=="
		},
		"pixi-viewport": {
			"version": "4.15.0",
			"resolved": "https://registry.npmjs.org/pixi-viewport/-/pixi-viewport-4.15.0.tgz",
			"integrity": "sha512-7yxPgB+t4PKt24OkFhanSKWV67Wpp2aqE1/AwxoMxXAJ8NR+rurseLHfdB7Z4Y2oMvdm9spCRKWc1qacBDiXgA==",
			"requires": {
				"penner": "^0.1.3"
			}
		},
		"pixi.js": {
			"version": "5.3.10",
			"resolved": "https://registry.npmjs.org/pixi.js/-/pixi.js-5.3.10.tgz",
			"integrity": "sha512-uyFPos2ORCu2nJK06wr9ocfgHHSgnsCxTwusH6OnqQxZtYymIS6lGeo0Qw3ox2u61oQ+u/VAoqBPCGA772rlGQ==",
			"requires": {
				"@pixi/accessibility": "5.3.10",
				"@pixi/app": "5.3.10",
				"@pixi/constants": "5.3.10",
				"@pixi/core": "5.3.10",
				"@pixi/display": "5.3.10",
				"@pixi/extract": "5.3.10",
				"@pixi/filter-alpha": "5.3.10",
				"@pixi/filter-blur": "5.3.10",
				"@pixi/filter-color-matrix": "5.3.10",
				"@pixi/filter-displacement": "5.3.10",
				"@pixi/filter-fxaa": "5.3.10",
				"@pixi/filter-noise": "5.3.10",
				"@pixi/graphics": "5.3.10",
				"@pixi/interaction": "5.3.10",
				"@pixi/loaders": "5.3.10",
				"@pixi/math": "5.3.10",
				"@pixi/mesh": "5.3.10",
				"@pixi/mesh-extras": "5.3.10",
				"@pixi/mixin-cache-as-bitmap": "5.3.10",
				"@pixi/mixin-get-child-by-name": "5.3.10",
				"@pixi/mixin-get-global-position": "5.3.10",
				"@pixi/particles": "5.3.10",
				"@pixi/polyfill": "5.3.10",
				"@pixi/prepare": "5.3.10",
				"@pixi/runner": "5.3.10",
				"@pixi/settings": "5.3.10",
				"@pixi/sprite": "5.3.10",
				"@pixi/sprite-animated": "5.3.10",
				"@pixi/sprite-tiling": "5.3.10",
				"@pixi/spritesheet": "5.3.10",
				"@pixi/text": "5.3.10",
				"@pixi/text-bitmap": "5.3.10",
				"@pixi/ticker": "5.3.10",
				"@pixi/utils": "5.3.10"
			}
		},
		"punycode": {
			"version": "1.3.2",
			"resolved": "https://registry.npmjs.org/punycode/-/punycode-1.3.2.tgz",
			"integrity": "sha1-llOgNvt8HuQjQvIyXM7v6jkmxI0="
		},
		"querystring": {
			"version": "0.2.0",
			"resolved": "https://registry.npmjs.org/querystring/-/querystring-0.2.0.tgz",
			"integrity": "sha1-sgmEkgO7Jd+CDadW50cAWHhSFiA="
		},
		"resource-loader": {
			"version": "3.0.1",
			"resolved": "https://registry.npmjs.org/resource-loader/-/resource-loader-3.0.1.tgz",
			"integrity": "sha512-fBuCRbEHdLCI1eglzQhUv9Rrdcmqkydr1r6uHE2cYHvRBrcLXeSmbE/qI/urFt8rPr/IGxir3BUwM5kUK8XoyA==",
			"requires": {
				"mini-signals": "^1.2.0",
				"parse-uri": "^1.0.0"
			}
		},
		"rxjs": {
			"version": "6.6.3",
			"resolved": "https://registry.npmjs.org/rxjs/-/rxjs-6.6.3.tgz",
			"integrity": "sha512-trsQc+xYYXZ3urjOiJOuCOa5N3jAZ3eiSpQB5hIT8zGlL2QfnHLJ2r7GMkBGuIausdJN1OneaI6gQlsqNHHmZQ==",
			"requires": {
				"tslib": "^1.9.0"
			}
		},
		"source-map": {
			"version": "0.6.1",
			"resolved": "https://registry.npmjs.org/source-map/-/source-map-0.6.1.tgz",
			"integrity": "sha512-UjgapumWlbMhkBgzT7Ykc5YXUT46F0iKu8SGXq0bcwP5dz/h0Plj6enJqjz1Zbq2l5WaqYnrVbwWOWMyF3F47g=="
		},
		"to-fast-properties": {
			"version": "2.0.0",
			"resolved": "https://registry.npmjs.org/to-fast-properties/-/to-fast-properties-2.0.0.tgz",
			"integrity": "sha1-3F5pjL0HkmW8c+A3doGk5Og/YW4="
		},
		"tslib": {
			"version": "1.14.1",
			"resolved": "https://registry.npmjs.org/tslib/-/tslib-1.14.1.tgz",
			"integrity": "sha512-Xni35NKzjgMrwevysHTCArtLDpPvye8zV/0E4EyYn43P7/7qvQwPh9BGkHewbMulVntbigmcT7rdX3BNo9wRJg=="
		},
		"typescript": {
			"version": "4.3.5",
			"resolved": "https://registry.npmjs.org/typescript/-/typescript-4.3.5.tgz",
			"integrity": "sha512-DqQgihaQ9cUrskJo9kIyW/+g0Vxsk8cDtZ52a3NGh0YNTfpUSArXSohyUGnvbPazEPLu398C0UxmKSOrPumUzA==",
			"dev": true
		},
		"url": {
			"version": "0.11.0",
			"resolved": "https://registry.npmjs.org/url/-/url-0.11.0.tgz",
			"integrity": "sha1-ODjpfPxgUh63PFJajlW/3Z4uKPE=",
			"requires": {
				"punycode": "1.3.2",
				"querystring": "0.2.0"
			}
		},
		"vue": {
			"version": "3.0.4",
			"resolved": "https://registry.npmjs.org/vue/-/vue-3.0.4.tgz",
			"integrity": "sha512-2o+AiQF8sAupyhbyl3oxVCl3WCwC/n5NI7VMM+gVQ231qvSB8eI7sCBloloqDJK6yA367EEtmRSeSCf4sxCC+A==",
			"requires": {
				"@vue/compiler-dom": "3.0.4",
				"@vue/runtime-dom": "3.0.4",
				"@vue/shared": "3.0.4"
			}
		}
	}
}
