{
  "name": "@rpgjs/client",
  "version": "3.0.0-alpha",
  "lockfileVersion": 1,
  "requires": true,
  "dependencies": {
    "@pixi/accessibility": {
      "version": "5.3.3",
      "resolved": "https://registry.npmjs.org/@pixi/accessibility/-/accessibility-5.3.3.tgz",
      "integrity": "sha512-wC/enJtw5CrdWnu6l5u3VN9UIZPumNSNXlGez2BULY0osiLTywHJPdHpmXMz2YPXw75GsEBzkEvK4LTtnTp21A==",
      "requires": {
        "@pixi/core": "5.3.3",
        "@pixi/display": "5.3.3",
        "@pixi/utils": "5.3.3"
      }
    },
    "@pixi/app": {
      "version": "5.3.3",
      "resolved": "https://registry.npmjs.org/@pixi/app/-/app-5.3.3.tgz",
      "integrity": "sha512-OkO7Kq3N+FPRshVmApuiHKBpobic56VYbLVCMYPy6rjV0hc5ctkchKGFyouJuPt/rHeI6FrqZ0TaON1TShnKiA==",
      "requires": {
        "@pixi/core": "5.3.3",
        "@pixi/display": "5.3.3"
      }
    },
    "@pixi/constants": {
      "version": "5.3.3",
      "resolved": "https://registry.npmjs.org/@pixi/constants/-/constants-5.3.3.tgz",
      "integrity": "sha512-IybgxzLlEPm7ihp70cLNKc3IPyqkFuW+idk9Zw2St+OayJTw5ctCnLAg9cducwIVHjPYTvN46BYDa+n0KRWZYw=="
    },
    "@pixi/core": {
      "version": "5.3.3",
      "resolved": "https://registry.npmjs.org/@pixi/core/-/core-5.3.3.tgz",
      "integrity": "sha512-taw50LnzV+TQVMx5HQA2ZJgF9wuhZ6DeoXHW2KkevYB0ekKYnEO2VMMiRDMcmchtyvHclJebzjeHZLGqDtKDgw==",
      "requires": {
        "@pixi/constants": "5.3.3",
        "@pixi/math": "5.3.3",
        "@pixi/runner": "5.3.3",
        "@pixi/settings": "5.3.3",
        "@pixi/ticker": "5.3.3",
        "@pixi/utils": "5.3.3"
      }
    },
    "@pixi/display": {
      "version": "5.3.3",
      "resolved": "https://registry.npmjs.org/@pixi/display/-/display-5.3.3.tgz",
      "integrity": "sha512-dPm7Vk2BH9byu6RHBYsI9MtjUU8x1HNm/PIi6lIlxANhTjWnhxwfvmrGE7ZcRLThTenNdDVlZ2ke2XAXP98UgA==",
      "requires": {
        "@pixi/math": "5.3.3",
        "@pixi/settings": "5.3.3",
        "@pixi/utils": "5.3.3"
      }
    },
    "@pixi/extract": {
      "version": "5.3.3",
      "resolved": "https://registry.npmjs.org/@pixi/extract/-/extract-5.3.3.tgz",
      "integrity": "sha512-CE0GA+tEBPurpaXER2B1aq1sdumKLtCqE/Mms6fYUkIKF9D0Ogw9rqo79QCL9XkLMexa7xVeC3KPPiXW5wrOaA==",
      "requires": {
        "@pixi/core": "5.3.3",
        "@pixi/math": "5.3.3",
        "@pixi/utils": "5.3.3"
      }
    },
    "@pixi/filter-alpha": {
      "version": "5.3.3",
      "resolved": "https://registry.npmjs.org/@pixi/filter-alpha/-/filter-alpha-5.3.3.tgz",
      "integrity": "sha512-AxyHLnvO892va9raZbMMtMtEGDVqO8SvEHHNnCjTBEZ67kVKy0HEYXFOBA6nJZ6BiTgGp9js+7kevi11tfqnJQ==",
      "requires": {
        "@pixi/core": "5.3.3"
      }
    },
    "@pixi/filter-blur": {
      "version": "5.3.3",
      "resolved": "https://registry.npmjs.org/@pixi/filter-blur/-/filter-blur-5.3.3.tgz",
      "integrity": "sha512-vLN1DL6PQXo4p7j/32PZIf+lhcBVfb9hdphSmtbxlAlpbhMWI52n3YUkeInwHs7Ev08NyhI/UhNWHqjN/lAM3w==",
      "requires": {
        "@pixi/core": "5.3.3",
        "@pixi/settings": "5.3.3"
      }
    },
    "@pixi/filter-color-matrix": {
      "version": "5.3.3",
      "resolved": "https://registry.npmjs.org/@pixi/filter-color-matrix/-/filter-color-matrix-5.3.3.tgz",
      "integrity": "sha512-HFr+vth5ZHHEFJYcjtWZ+O0s7Z2YWJyDyxr+nTd5Q8AT7gMDTVehpNVrm7ByaCKeEovOZzZI6A347+WmHcNpGg==",
      "requires": {
        "@pixi/core": "5.3.3"
      }
    },
    "@pixi/filter-displacement": {
      "version": "5.3.3",
      "resolved": "https://registry.npmjs.org/@pixi/filter-displacement/-/filter-displacement-5.3.3.tgz",
      "integrity": "sha512-kvrKMgqW4ELg+yT2p5vmu6h/IER/L8GD1PWyXovnzpI8RG7k8l136F9VvA3wkB6sYuNcXiDtqMtRQy5e6O4+rw==",
      "requires": {
        "@pixi/core": "5.3.3",
        "@pixi/math": "5.3.3"
      }
    },
    "@pixi/filter-fxaa": {
      "version": "5.3.3",
      "resolved": "https://registry.npmjs.org/@pixi/filter-fxaa/-/filter-fxaa-5.3.3.tgz",
      "integrity": "sha512-p4vKdBwaoGRNZcoHz2ET8hBF1SoWvy9xU2B3Ci32+c0dg89ZUdGTEW0zimUHi2gMdU+2v/T0lqZ9NC9B6WVYAg==",
      "requires": {
        "@pixi/core": "5.3.3"
      }
    },
    "@pixi/filter-noise": {
      "version": "5.3.3",
      "resolved": "https://registry.npmjs.org/@pixi/filter-noise/-/filter-noise-5.3.3.tgz",
      "integrity": "sha512-HCky3XPk6BYGXTS7d9/FnAHnqq7Rwm5Rlj2XtWW3JItXGCScEBII227xYwrJu5Ke84tpVlDXK4W1/BevZ1AwlQ==",
      "requires": {
        "@pixi/core": "5.3.3"
      }
    },
    "@pixi/graphics": {
      "version": "5.3.3",
      "resolved": "https://registry.npmjs.org/@pixi/graphics/-/graphics-5.3.3.tgz",
      "integrity": "sha512-1bn9Jptg3JXgVOw0SrEMdmjSwkTBYDm6fPnPnh4goF3yDozh0xEqmXobVtCgy2fulMfHRzIfbgtRxrBf2mkCAg==",
      "requires": {
        "@pixi/constants": "5.3.3",
        "@pixi/core": "5.3.3",
        "@pixi/display": "5.3.3",
        "@pixi/math": "5.3.3",
        "@pixi/sprite": "5.3.3",
        "@pixi/utils": "5.3.3"
      }
    },
    "@pixi/interaction": {
      "version": "5.3.3",
      "resolved": "https://registry.npmjs.org/@pixi/interaction/-/interaction-5.3.3.tgz",
      "integrity": "sha512-Tjuw4XwmrG1fhGzfn5oGspRJT2OtlH+6V7AHscH0v5Ht1Kvk6aKjNncZuSCXllhGGlIuMu3Nn9WPvDEIvW3JNw==",
      "requires": {
        "@pixi/core": "5.3.3",
        "@pixi/display": "5.3.3",
        "@pixi/math": "5.3.3",
        "@pixi/ticker": "5.3.3",
        "@pixi/utils": "5.3.3"
      }
    },
    "@pixi/loaders": {
      "version": "5.3.3",
      "resolved": "https://registry.npmjs.org/@pixi/loaders/-/loaders-5.3.3.tgz",
      "integrity": "sha512-wj0DzniApfDoZA/buMmO/CgCB7Q7SsESForHh7wSd7UC8rrCmz5prUTEICmJGhdHpBuVB7KDPtwaaLtr9Q/kQg==",
      "requires": {
        "@pixi/core": "5.3.3",
        "@pixi/utils": "5.3.3",
        "resource-loader": "^3.0.1"
      }
    },
    "@pixi/math": {
      "version": "5.3.3",
      "resolved": "https://registry.npmjs.org/@pixi/math/-/math-5.3.3.tgz",
      "integrity": "sha512-k5C3kQpxlGm2AdBJEUjjW2l2YlSvTKf+54vNOjD4UcEfRoDevC5p4Zg49q3UAu855lrs5qw49AbkrFKsQvPIRA=="
    },
    "@pixi/mesh": {
      "version": "5.3.3",
      "resolved": "https://registry.npmjs.org/@pixi/mesh/-/mesh-5.3.3.tgz",
      "integrity": "sha512-q8w70oAFNdArzOHVnsn7ban68NmO5S5TMg6qSez4A8te6cebMRQsNrT/0dQ/nZcG7ACFK4jiYfbXRQivO+jgVA==",
      "requires": {
        "@pixi/constants": "5.3.3",
        "@pixi/core": "5.3.3",
        "@pixi/display": "5.3.3",
        "@pixi/math": "5.3.3",
        "@pixi/settings": "5.3.3",
        "@pixi/utils": "5.3.3"
      }
    },
    "@pixi/mesh-extras": {
      "version": "5.3.3",
      "resolved": "https://registry.npmjs.org/@pixi/mesh-extras/-/mesh-extras-5.3.3.tgz",
      "integrity": "sha512-V2hARC7nUPaTEFxd+B8GDkSMrMZ38S8/IInqtYzGUy6FtFs7IYKty9Rz/G665eN7ThIq8tZrOVZOl6JRBtEC8A==",
      "requires": {
        "@pixi/constants": "5.3.3",
        "@pixi/core": "5.3.3",
        "@pixi/math": "5.3.3",
        "@pixi/mesh": "5.3.3",
        "@pixi/utils": "5.3.3"
      }
    },
    "@pixi/mixin-cache-as-bitmap": {
      "version": "5.3.3",
      "resolved": "https://registry.npmjs.org/@pixi/mixin-cache-as-bitmap/-/mixin-cache-as-bitmap-5.3.3.tgz",
      "integrity": "sha512-P1mo3HKDWS8IZLgaP8gujiy4We4vRcxJH6EvQAevf+GsBzdjKfcGgkKzVb9HlyQvsXML5gpTOJuw5eKgRTxSQA==",
      "requires": {
        "@pixi/core": "5.3.3",
        "@pixi/display": "5.3.3",
        "@pixi/math": "5.3.3",
        "@pixi/settings": "5.3.3",
        "@pixi/sprite": "5.3.3",
        "@pixi/utils": "5.3.3"
      }
    },
    "@pixi/mixin-get-child-by-name": {
      "version": "5.3.3",
      "resolved": "https://registry.npmjs.org/@pixi/mixin-get-child-by-name/-/mixin-get-child-by-name-5.3.3.tgz",
      "integrity": "sha512-CksDZ5ZG4/tHZfDOwSuznANduasJg5JR89X3D6E9DVYx4CLVE3G2K1sbeiOJNXfGIKy30UoSD7Y7IFmUzLxp/g==",
      "requires": {
        "@pixi/display": "5.3.3"
      }
    },
    "@pixi/mixin-get-global-position": {
      "version": "5.3.3",
      "resolved": "https://registry.npmjs.org/@pixi/mixin-get-global-position/-/mixin-get-global-position-5.3.3.tgz",
      "integrity": "sha512-M3faQYDW/ISa1+lhVkjHXRALJ33BMzLN+7x9ucx8VeCmUWvcaLlRo3CaxZsgiR+52Fii5WHl/PF/cMzdkRMF9g==",
      "requires": {
        "@pixi/display": "5.3.3",
        "@pixi/math": "5.3.3"
      }
    },
    "@pixi/particles": {
      "version": "5.3.3",
      "resolved": "https://registry.npmjs.org/@pixi/particles/-/particles-5.3.3.tgz",
      "integrity": "sha512-t+lG8iGNYyS6ujKvC9qQjKzyxvjxqbFxvB6hkXcOKR98JWM2726ZguHouFlIbOzOxYAGoeuHIWSDlnQNvnVE2g==",
      "requires": {
        "@pixi/constants": "5.3.3",
        "@pixi/core": "5.3.3",
        "@pixi/display": "5.3.3",
        "@pixi/math": "5.3.3",
        "@pixi/utils": "5.3.3"
      }
    },
    "@pixi/polyfill": {
      "version": "5.3.3",
      "resolved": "https://registry.npmjs.org/@pixi/polyfill/-/polyfill-5.3.3.tgz",
      "integrity": "sha512-gmx67A6VmwKllxfIMQWzMUNJ8wJfWPT5FlUR0SoPastdTB/SfbgbyQBgKLZHqgmc6LOh2CrOLhN423lNiAroeA==",
      "requires": {
        "es6-promise-polyfill": "^1.2.0",
        "object-assign": "^4.1.1"
      }
    },
    "@pixi/prepare": {
      "version": "5.3.3",
      "resolved": "https://registry.npmjs.org/@pixi/prepare/-/prepare-5.3.3.tgz",
      "integrity": "sha512-DPsKWfYJ97J67YCjPU6uvU+LBdw+64O9LG9vmzfChmYXom5VMQF9yUC6ZoYTHUPmH31iilqzGeMlPUTobnqSog==",
      "requires": {
        "@pixi/core": "5.3.3",
        "@pixi/display": "5.3.3",
        "@pixi/graphics": "5.3.3",
        "@pixi/settings": "5.3.3",
        "@pixi/text": "5.3.3",
        "@pixi/ticker": "5.3.3"
      }
    },
    "@pixi/runner": {
      "version": "5.3.3",
      "resolved": "https://registry.npmjs.org/@pixi/runner/-/runner-5.3.3.tgz",
      "integrity": "sha512-7eLZxxT+PwxuwzcRL1egrnEdLHwD41yFb24pMSo6XM86ppP1tdBjrv5+pLDnUuDEfNjZQxx07FAlZY+sMKANmw=="
    },
    "@pixi/settings": {
      "version": "5.3.3",
      "resolved": "https://registry.npmjs.org/@pixi/settings/-/settings-5.3.3.tgz",
      "integrity": "sha512-1MYJokqpPUtvYEX0BVi0Pq2Xi6KGmWDV5hlQnTXY9NGv6tmqrPYvIb/uHFaDyVUWmrqsFL3xZ4W5zMo+c/dwVA==",
      "requires": {
        "ismobilejs": "^1.1.0"
      }
    },
    "@pixi/sprite": {
      "version": "5.3.3",
      "resolved": "https://registry.npmjs.org/@pixi/sprite/-/sprite-5.3.3.tgz",
      "integrity": "sha512-qo7DG0oWS1uIBqfxw2jZPn34RCR6gQ+IjZRBpFxZPKPB1cL359scZmDBqBbQ4bd4rJ/6QXQfzUdGhXfQJtc9oQ==",
      "requires": {
        "@pixi/constants": "5.3.3",
        "@pixi/core": "5.3.3",
        "@pixi/display": "5.3.3",
        "@pixi/math": "5.3.3",
        "@pixi/settings": "5.3.3",
        "@pixi/utils": "5.3.3"
      }
    },
    "@pixi/sprite-animated": {
      "version": "5.3.3",
      "resolved": "https://registry.npmjs.org/@pixi/sprite-animated/-/sprite-animated-5.3.3.tgz",
      "integrity": "sha512-nG5j8veJ/cFXQTgzafPLkZqaHKbuaHcIj+ZYN1I2f31Y85/pfr2PQQLHbGr+3441wOYkEHht9nHhmZHWlOOZ0Q==",
      "requires": {
        "@pixi/core": "5.3.3",
        "@pixi/sprite": "5.3.3",
        "@pixi/ticker": "5.3.3"
      }
    },
    "@pixi/sprite-tiling": {
      "version": "5.3.3",
      "resolved": "https://registry.npmjs.org/@pixi/sprite-tiling/-/sprite-tiling-5.3.3.tgz",
      "integrity": "sha512-+Xk9AUh82rpArtrnZkw+9aJchrmHZ8QkpjsPRJcgPFHx3WEfABIkT6QEoYbRKiYH34OgO7ZOUXy9hcGPHnxjvw==",
      "requires": {
        "@pixi/constants": "5.3.3",
        "@pixi/core": "5.3.3",
        "@pixi/display": "5.3.3",
        "@pixi/math": "5.3.3",
        "@pixi/sprite": "5.3.3",
        "@pixi/utils": "5.3.3"
      }
    },
    "@pixi/spritesheet": {
      "version": "5.3.3",
      "resolved": "https://registry.npmjs.org/@pixi/spritesheet/-/spritesheet-5.3.3.tgz",
      "integrity": "sha512-pTkOCTL8jsmyAguCgcbz03UPYu+3buRkgua1g/vGyeoZBN2eJ04iSXdB0pfPrsPisxkvThGHyU23UqEDYVtXRQ==",
      "requires": {
        "@pixi/core": "5.3.3",
        "@pixi/loaders": "5.3.3",
        "@pixi/math": "5.3.3",
        "@pixi/utils": "5.3.3"
      }
    },
    "@pixi/text": {
      "version": "5.3.3",
      "resolved": "https://registry.npmjs.org/@pixi/text/-/text-5.3.3.tgz",
      "integrity": "sha512-juinZC2yFXnzucWWxSdty9nfIIOAq2WA8DD2k40YL+7Y5L52/ggkgnokeQ2lrTb1BvTfx6YVNlvAsKonUek0Og==",
      "requires": {
        "@pixi/core": "5.3.3",
        "@pixi/math": "5.3.3",
        "@pixi/settings": "5.3.3",
        "@pixi/sprite": "5.3.3",
        "@pixi/utils": "5.3.3"
      }
    },
    "@pixi/text-bitmap": {
      "version": "5.3.3",
      "resolved": "https://registry.npmjs.org/@pixi/text-bitmap/-/text-bitmap-5.3.3.tgz",
      "integrity": "sha512-QRRdEAFBwmRctp8PCPii5WUPM57T1I3r/EwyTvFCCDubOYOZu4aX/iFpCKZMl5GIphDFaGp8mNvbl+BwjUmBCA==",
      "requires": {
        "@pixi/core": "5.3.3",
        "@pixi/display": "5.3.3",
        "@pixi/loaders": "5.3.3",
        "@pixi/math": "5.3.3",
        "@pixi/mesh": "5.3.3",
        "@pixi/settings": "5.3.3",
        "@pixi/text": "5.3.3",
        "@pixi/utils": "5.3.3"
      }
    },
    "@pixi/ticker": {
      "version": "5.3.3",
      "resolved": "https://registry.npmjs.org/@pixi/ticker/-/ticker-5.3.3.tgz",
      "integrity": "sha512-p5F/dwJGwfZWUg5cCPqOnEx5iYGW+huQlZZtrTKKd1KoVehFsrzHeRBOEp4d584jsOmBf7fjJaUTyzsFn0YtOQ==",
      "requires": {
        "@pixi/settings": "5.3.3"
      }
    },
    "@pixi/utils": {
      "version": "5.3.3",
      "resolved": "https://registry.npmjs.org/@pixi/utils/-/utils-5.3.3.tgz",
      "integrity": "sha512-GDP2h1Mph9Uei4zmJjzDK6GZ5S9O2A09VySVfWyKgWwP3SQ/Ss0bGYm4sE6+u1NMSz1WCrLgu66H82XuXs2Cbg==",
      "requires": {
        "@pixi/constants": "5.3.3",
        "@pixi/settings": "5.3.3",
        "earcut": "^2.1.5",
        "eventemitter3": "^3.1.0",
        "url": "^0.11.0"
      }
    },
    "@tweenjs/tween.js": {
      "version": "18.6.0",
      "resolved": "https://registry.npmjs.org/@tweenjs/tween.js/-/tween.js-18.6.0.tgz",
      "integrity": "sha512-z45HU0G0e/SenbvGdAlTpUR5Hur5zwZXQcqfI+f7EnVHdeb2oMI2rQghEePu7uXuvBC0nuKWG5YtZ1nWbuvqzQ=="
    },
    "earcut": {
      "version": "2.2.2",
      "resolved": "https://registry.npmjs.org/earcut/-/earcut-2.2.2.tgz",
      "integrity": "sha512-eZoZPPJcUHnfRZ0PjLvx2qBordSiO8ofC3vt+qACLM95u+4DovnbYNpQtJh0DNsWj8RnxrQytD4WA8gj5cRIaQ=="
    },
    "es6-promise-polyfill": {
      "version": "1.2.0",
      "resolved": "https://registry.npmjs.org/es6-promise-polyfill/-/es6-promise-polyfill-1.2.0.tgz",
      "integrity": "sha1-84kl8jyz4+jObNqP93T867sJDN4="
    },
    "eventemitter3": {
      "version": "3.1.2",
      "resolved": "https://registry.npmjs.org/eventemitter3/-/eventemitter3-3.1.2.tgz",
      "integrity": "sha512-tvtQIeLVHjDkJYnzf2dgVMxfuSGJeM/7UCG17TT4EumTfNtF+0nebF/4zWOIkCreAbtNqhGEboB6BWrwqNaw4Q=="
    },
    "ismobilejs": {
      "version": "1.1.1",
      "resolved": "https://registry.npmjs.org/ismobilejs/-/ismobilejs-1.1.1.tgz",
      "integrity": "sha512-VaFW53yt8QO61k2WJui0dHf4SlL8lxBofUuUmwBo0ljPk0Drz2TiuDW4jo3wDcv41qy/SxrJ+VAzJ/qYqsmzRw=="
    },
    "mini-signals": {
      "version": "1.2.0",
      "resolved": "https://registry.npmjs.org/mini-signals/-/mini-signals-1.2.0.tgz",
      "integrity": "sha1-RbCAE8X65RokqhqTXNMXye1yHXQ="
    },
    "object-assign": {
      "version": "4.1.1",
      "resolved": "https://registry.npmjs.org/object-assign/-/object-assign-4.1.1.tgz",
      "integrity": "sha1-IQmtx5ZYh8/AXLvUQsrIv7s2CGM="
    },
    "parse-uri": {
      "version": "1.0.3",
      "resolved": "https://registry.npmjs.org/parse-uri/-/parse-uri-1.0.3.tgz",
      "integrity": "sha512-upMnGxNcm+45So85HoguwZTVZI9u11i36DdxJfGF2HYWS2eh3TIx7+/tTi7qrEq15qzGkVhsKjesau+kCk48pA=="
    },
    "penner": {
      "version": "0.1.3",
      "resolved": "https://registry.npmjs.org/penner/-/penner-0.1.3.tgz",
      "integrity": "sha1-C4tILU6bOa8vPXw3WSIpuKzClwU="
    },
    "pixi-viewport": {
      "version": "4.15.0",
      "resolved": "https://registry.npmjs.org/pixi-viewport/-/pixi-viewport-4.15.0.tgz",
      "integrity": "sha512-7yxPgB+t4PKt24OkFhanSKWV67Wpp2aqE1/AwxoMxXAJ8NR+rurseLHfdB7Z4Y2oMvdm9spCRKWc1qacBDiXgA==",
      "requires": {
        "penner": "^0.1.3"
      }
    },
    "pixi.js": {
      "version": "5.3.3",
      "resolved": "https://registry.npmjs.org/pixi.js/-/pixi.js-5.3.3.tgz",
      "integrity": "sha512-uFQOXXyPMAVVayDebSFBS1AFfPT6QYNuz9Vu11yI2/k1DAef/rbYoJpSMM6SeB6dezDJPtIAaXXNxdaYzbe+kg==",
      "requires": {
        "@pixi/accessibility": "5.3.3",
        "@pixi/app": "5.3.3",
        "@pixi/constants": "5.3.3",
        "@pixi/core": "5.3.3",
        "@pixi/display": "5.3.3",
        "@pixi/extract": "5.3.3",
        "@pixi/filter-alpha": "5.3.3",
        "@pixi/filter-blur": "5.3.3",
        "@pixi/filter-color-matrix": "5.3.3",
        "@pixi/filter-displacement": "5.3.3",
        "@pixi/filter-fxaa": "5.3.3",
        "@pixi/filter-noise": "5.3.3",
        "@pixi/graphics": "5.3.3",
        "@pixi/interaction": "5.3.3",
        "@pixi/loaders": "5.3.3",
        "@pixi/math": "5.3.3",
        "@pixi/mesh": "5.3.3",
        "@pixi/mesh-extras": "5.3.3",
        "@pixi/mixin-cache-as-bitmap": "5.3.3",
        "@pixi/mixin-get-child-by-name": "5.3.3",
        "@pixi/mixin-get-global-position": "5.3.3",
        "@pixi/particles": "5.3.3",
        "@pixi/polyfill": "5.3.3",
        "@pixi/prepare": "5.3.3",
        "@pixi/runner": "5.3.3",
        "@pixi/settings": "5.3.3",
        "@pixi/sprite": "5.3.3",
        "@pixi/sprite-animated": "5.3.3",
        "@pixi/sprite-tiling": "5.3.3",
        "@pixi/spritesheet": "5.3.3",
        "@pixi/text": "5.3.3",
        "@pixi/text-bitmap": "5.3.3",
        "@pixi/ticker": "5.3.3",
        "@pixi/utils": "5.3.3"
      }
    },
    "punycode": {
      "version": "1.3.2",
      "resolved": "https://registry.npmjs.org/punycode/-/punycode-1.3.2.tgz",
      "integrity": "sha1-llOgNvt8HuQjQvIyXM7v6jkmxI0="
    },
    "querystring": {
      "version": "0.2.0",
      "resolved": "https://registry.npmjs.org/querystring/-/querystring-0.2.0.tgz",
      "integrity": "sha1-sgmEkgO7Jd+CDadW50cAWHhSFiA="
    },
    "resource-loader": {
      "version": "3.0.1",
      "resolved": "https://registry.npmjs.org/resource-loader/-/resource-loader-3.0.1.tgz",
      "integrity": "sha512-fBuCRbEHdLCI1eglzQhUv9Rrdcmqkydr1r6uHE2cYHvRBrcLXeSmbE/qI/urFt8rPr/IGxir3BUwM5kUK8XoyA==",
      "requires": {
        "mini-signals": "^1.2.0",
        "parse-uri": "^1.0.0"
      }
    },
    "url": {
      "version": "0.11.0",
      "resolved": "https://registry.npmjs.org/url/-/url-0.11.0.tgz",
      "integrity": "sha1-ODjpfPxgUh63PFJajlW/3Z4uKPE=",
      "requires": {
        "punycode": "1.3.2",
        "querystring": "0.2.0"
      }
    },
    "vue": {
      "version": "2.6.12",
      "resolved": "https://registry.npmjs.org/vue/-/vue-2.6.12.tgz",
      "integrity": "sha512-uhmLFETqPPNyuLLbsKz6ioJ4q7AZHzD8ZVFNATNyICSZouqP2Sz0rotWQC8UNBF6VGSCs5abnKJoStA6JbCbfg=="
    }
  }
}
