lockfileVersion: 5.4

specifiers:
  '@pixi/tilemap': ^4.0.0
  '@rpgjs/common': ^3.3.0
  '@rpgjs/tiled': ^3.2.0
  '@rpgjs/types': ^3.3.0
  '@types/css-font-loading-module': ^0.0.8
  '@types/howler': 2.2.1
  '@types/node': ^18.15.9
  howler: 2.2.3
  lodash.get: ^4.4.2
  lodash.merge: 4.6.2
  pixi-viewport: 5.0.1
  pixi.js: 7.2.2
  rxjs: 7.8.0
  simple-room-client: ^1.0.0
  typescript: ^5.0.2
  vue: ^3.2.47

dependencies:
  '@pixi/tilemap': 4.0.0
  '@rpgjs/common': 3.3.0
  '@rpgjs/tiled': 3.3.0
  '@rpgjs/types': 3.3.0
  '@types/howler': 2.2.1
  howler: 2.2.3
  lodash.get: 4.4.2
  lodash.merge: 4.6.2
  pixi-viewport: 5.0.1
  pixi.js: 7.2.2
  rxjs: 7.8.0
  simple-room-client: 1.0.0
  vue: 3.2.47

devDependencies:
  '@types/css-font-loading-module': 0.0.8
  '@types/node': 18.15.9
  typescript: 5.0.2

packages:

  /@babel/helper-string-parser/7.19.4:
    resolution: {integrity: sha512-nHtDoQcuqFmwYNYPz3Rah5ph2p8PFeFCsZk9A/48dPc/rGocJ5J3hAAZ7pb76VWX3fZKu+uEr/FhH5jLx7umrw==}
    engines: {node: '>=6.9.0'}
    dev: false

  /@babel/helper-validator-identifier/7.19.1:
    resolution: {integrity: sha512-awrNfaMtnHUr653GgGEs++LlAvW6w+DcPrOliSMXWCKo597CwL5Acf/wWdNkf/tfEQE3mjkeD1YOVZOUV/od1w==}
    engines: {node: '>=6.9.0'}
    dev: false

  /@babel/parser/7.21.3:
    resolution: {integrity: sha512-lobG0d7aOfQRXh8AyklEAgZGvA4FShxo6xQbUrrT/cNBPUdIDojlokwJsQyCC/eKia7ifqM0yP+2DRZ4WKw2RQ==}
    engines: {node: '>=6.0.0'}
    hasBin: true
    dependencies:
      '@babel/types': 7.21.3
    dev: false

  /@babel/types/7.21.3:
    resolution: {integrity: sha512-sBGdETxC+/M4o/zKC0sl6sjWv62WFR/uzxrJ6uYyMLZOUlPnwzw0tKgVHOXxaAd5l2g8pEDM5RZ495GPQI77kg==}
    engines: {node: '>=6.9.0'}
    dependencies:
      '@babel/helper-string-parser': 7.19.4
      '@babel/helper-validator-identifier': 7.19.1
      to-fast-properties: 2.0.0
    dev: false

  /@pixi/accessibility/7.2.2_ifpzp6amle7vks4mqtsvwnrokm:
    resolution: {integrity: sha512-FXFToqJSh7P8zshnVCp/wHzZZnCYJAZoDHyVjnZsHc9+3vfZCfUczQ5CyxmOg7DTRg5Wn9HahImxvAdwY3wodA==}
    peerDependencies:
      '@pixi/core': 7.2.2
      '@pixi/display': 7.2.2
      '@pixi/events': 7.2.2
    dependencies:
      '@pixi/core': 7.2.2
      '@pixi/display': 7.2.2_@pixi+core@7.2.2
      '@pixi/events': 7.2.2_a2usfhai6eps65didq6i7xaayy
    dev: false

  /@pixi/app/7.2.2_a2usfhai6eps65didq6i7xaayy:
    resolution: {integrity: sha512-S07adWs3/AshqQVhkrERHBfwTOXP0UN1WwEN2O/czigctCcv8zB8xAmv5fND2pS29XZZ6jhj+i4mbnDmpb/KJw==}
    peerDependencies:
      '@pixi/core': 7.2.2
      '@pixi/display': 7.2.2
    dependencies:
      '@pixi/core': 7.2.2
      '@pixi/display': 7.2.2_@pixi+core@7.2.2
    dev: false

  /@pixi/assets/7.2.2_@pixi+core@7.2.2:
    resolution: {integrity: sha512-YtudMqxyPx1yZ3oczP1OIMQJlb0/psymZGU7PMyea0wSYol14imMOdNa0sNFz/at6a6kM1w/vQdlz+8AqML1vw==}
    peerDependencies:
      '@pixi/core': 7.2.2
      '@pixi/utils': 7.2.2
    dependencies:
      '@pixi/core': 7.2.2
      '@types/css-font-loading-module': 0.0.7
    dev: false

  /@pixi/color/7.2.2:
    resolution: {integrity: sha512-rg3zrwnkCtfX73sbIDuXyBlQWdRlREs4UlvC6gJ0EGHbGtwAK0Zz041fDW8isYYLcjd3LopVlNrjrFGE+v+adQ==}
    dependencies:
      colord: 2.9.3
    dev: false

  /@pixi/compressed-textures/7.2.2_mkc65bglnw6zowdyfu764e5k54:
    resolution: {integrity: sha512-+cnNUBFAduQ71eTKiETLUn3mXqtGA58D0+dFqw53XyvSoceGf+xvyXQhzkGAKwbANvQXEsRaStZ1euW+tGGDag==}
    peerDependencies:
      '@pixi/assets': 7.2.2
      '@pixi/core': 7.2.2
    dependencies:
      '@pixi/assets': 7.2.2_@pixi+core@7.2.2
      '@pixi/core': 7.2.2
    dev: false

  /@pixi/constants/7.2.2:
    resolution: {integrity: sha512-hHdXfhRNOCEg/5LbR4izY9feEyxtjNKs6l4Np87iiglvK5oj2hjiLz3c1VHWooNy8VQmndcLC11Tl0krxuQjiw==}
    dev: false

  /@pixi/core/7.2.2:
    resolution: {integrity: sha512-grDYsthKpb9OPlAPrzutogodciky6x8eWz+0ER+I5KBzK/1w1fBYnYiQZCH0MByNJMABE75cynWv9inMJu0rEQ==}
    dependencies:
      '@pixi/color': 7.2.2
      '@pixi/constants': 7.2.2
      '@pixi/extensions': 7.2.2
      '@pixi/math': 7.2.2
      '@pixi/runner': 7.2.2
      '@pixi/settings': 7.2.2
      '@pixi/ticker': 7.2.2
      '@pixi/utils': 7.2.2
      '@types/offscreencanvas': 2019.7.0
    dev: false

  /@pixi/display/7.2.2_@pixi+core@7.2.2:
    resolution: {integrity: sha512-zUkFhwnqsKatwB1I3ZAD1on1RCvuTLZ1MV1JQd97pMBAJBC9UvDuKIJ6Zcr377YXKFnIFGFFxat9LyVTUxTWvQ==}
    peerDependencies:
      '@pixi/core': 7.2.2
    dependencies:
      '@pixi/core': 7.2.2
    dev: false

  /@pixi/events/7.2.2_a2usfhai6eps65didq6i7xaayy:
    resolution: {integrity: sha512-9JuBgB0uI9Zjm7GNAAJ3jmOXAbgHBCUXfOAzZqn68/z9W168Lb56akpXRPI5/Y6Ef4kxIWjZlqE31vrLEn33rA==}
    peerDependencies:
      '@pixi/core': 7.2.2
      '@pixi/display': 7.2.2
      '@pixi/utils': 7.2.2
    dependencies:
      '@pixi/core': 7.2.2
      '@pixi/display': 7.2.2_@pixi+core@7.2.2
    dev: false

  /@pixi/extensions/7.2.2:
    resolution: {integrity: sha512-b54qLl/GQK6VKgTiaeCg8tyujykfBhLn6PGGoY0fyWXEOYXRPyZ/oZDadz0bhLURwPzfnHbblINkK8L6JJpCSQ==}
    dev: false

  /@pixi/extract/7.2.2_@pixi+core@7.2.2:
    resolution: {integrity: sha512-zAqQY8DvbdBB/hVJmHL3pn5xS5OUwsl0+Jj7+K4MtqVtI/ssogF2wWml9+KIkXVfe30IY7pWaca+vHBOapN2mg==}
    peerDependencies:
      '@pixi/core': 7.2.2
    dependencies:
      '@pixi/core': 7.2.2
    dev: false

  /@pixi/filter-alpha/7.2.2_@pixi+core@7.2.2:
    resolution: {integrity: sha512-Fx4PhhyXQ30wVE3kVRDzSgqrG25Eh2wLSwdikvZTVUPvjYNHZnSH9cd2M1L414C/tVUnQ0paWamw/nodudH0yQ==}
    peerDependencies:
      '@pixi/core': 7.2.2
    dependencies:
      '@pixi/core': 7.2.2
    dev: false

  /@pixi/filter-blur/7.2.2_@pixi+core@7.2.2:
    resolution: {integrity: sha512-yE1IGbzijwWtxqPfuouApgrvPEJr3bcCAZyi66DJeTBI/Uphdgyv/E+M8nB5tWnT3jkAAY5MredQA6noh/wtxA==}
    peerDependencies:
      '@pixi/core': 7.2.2
    dependencies:
      '@pixi/core': 7.2.2
    dev: false

  /@pixi/filter-color-matrix/7.2.2_@pixi+core@7.2.2:
    resolution: {integrity: sha512-g7d8QaUtAiQ4cL5CQM7sql1hMAYu+p4NfzTKrHyHHKV9bA6SKtDaaUkR8aCgYIMqMXZUQ2ARHHm2TD6FF1yCUg==}
    peerDependencies:
      '@pixi/core': 7.2.2
    dependencies:
      '@pixi/core': 7.2.2
    dev: false

  /@pixi/filter-displacement/7.2.2_@pixi+core@7.2.2:
    resolution: {integrity: sha512-Bf8SMZQMw3gLVL3uRBhlYQMGWVMfzE+bGN+ICGZEkt+EBJuu2P+6PYclWKAO6vVzv61Z/8R5aEZDcyO2KqCneQ==}
    peerDependencies:
      '@pixi/core': 7.2.2
    dependencies:
      '@pixi/core': 7.2.2
    dev: false

  /@pixi/filter-fxaa/7.2.2_@pixi+core@7.2.2:
    resolution: {integrity: sha512-X+XflHyAUAYlud7tK8jrQ+XhBv+N9TepTrBeIKALF+134zIS8fMTQVWBtj7as/Iva+RNEq3yn8jq7uhAO54eBw==}
    peerDependencies:
      '@pixi/core': 7.2.2
    dependencies:
      '@pixi/core': 7.2.2
    dev: false

  /@pixi/filter-noise/7.2.2_@pixi+core@7.2.2:
    resolution: {integrity: sha512-TpnTRoiYK644EBZgyu23xE13k7v53rkjpd6NkaMV2cmVmNUCRS/Mqvn+tInfKCwI69S4q2/sp/X+car8dhlyGQ==}
    peerDependencies:
      '@pixi/core': 7.2.2
    dependencies:
      '@pixi/core': 7.2.2
    dev: false

  /@pixi/graphics/7.2.2_a3kphzhronuyystcjhqcaxb6ci:
    resolution: {integrity: sha512-fgF1nGlIjFE1aAJ1UvGi+k6P1Hbb5J71kg0sV1TnvqJKHxJCNdrl7muyb+aowWtyvGDQ93TkdpLucdl9Qutepw==}
    peerDependencies:
      '@pixi/core': 7.2.2
      '@pixi/display': 7.2.2
      '@pixi/sprite': 7.2.2
    dependencies:
      '@pixi/core': 7.2.2
      '@pixi/display': 7.2.2_@pixi+core@7.2.2
      '@pixi/sprite': 7.2.2_a2usfhai6eps65didq6i7xaayy
    dev: false

  /@pixi/math/7.2.2:
    resolution: {integrity: sha512-h4Qb2BOhiGoWQnG7RdS0nK5P9k33950S158GqLAXf+jN19fENPJibfh05ckdUwkVtYnd+PuBqcriH/vrRPICfQ==}
    dev: false

  /@pixi/mesh-extras/7.2.2_ydh5pa7r5myjj46mp5nrvlbneu:
    resolution: {integrity: sha512-xE5+mVXQeIut74uKrvl1zHoT7gpEy85CCbljOhrr5FaDclxhF8qFy0m3WGJcxAzAIiCg7kkGlN3GWDgXR3Vgag==}
    peerDependencies:
      '@pixi/core': 7.2.2
      '@pixi/mesh': 7.2.2
    dependencies:
      '@pixi/core': 7.2.2
      '@pixi/mesh': 7.2.2_a2usfhai6eps65didq6i7xaayy
    dev: false

  /@pixi/mesh/7.2.2_a2usfhai6eps65didq6i7xaayy:
    resolution: {integrity: sha512-utJQsPGmV11Kl310/lyemEAHYpi3oSv+g2mxtRcTgpRyCYj6r7677ECcbp6CJO3XBr4AGqyqFx5IUmIr5AD2tQ==}
    peerDependencies:
      '@pixi/core': 7.2.2
      '@pixi/display': 7.2.2
    dependencies:
      '@pixi/core': 7.2.2
      '@pixi/display': 7.2.2_@pixi+core@7.2.2
    dev: false

  /@pixi/mixin-cache-as-bitmap/7.2.2_a3kphzhronuyystcjhqcaxb6ci:
    resolution: {integrity: sha512-sI1w/CppIiTcdtm0JGqe4pc5L7XSCl6MIGJnLqgixLAWav12jMRw44Yvwy6RJedEwQ6IdTGv19MJAlUKMkEsTw==}
    peerDependencies:
      '@pixi/core': 7.2.2
      '@pixi/display': 7.2.2
      '@pixi/sprite': 7.2.2
    dependencies:
      '@pixi/core': 7.2.2
      '@pixi/display': 7.2.2_@pixi+core@7.2.2
      '@pixi/sprite': 7.2.2_a2usfhai6eps65didq6i7xaayy
    dev: false

  /@pixi/mixin-get-child-by-name/7.2.2_@pixi+display@7.2.2:
    resolution: {integrity: sha512-rlfpaG7DSYo52rVFwparIv+rTFshCdwQgY67+I/ppLHyJCVcmCd5rhAygRs9JrNw8mFniWrGZlJSiOqq92ezFg==}
    peerDependencies:
      '@pixi/display': 7.2.2
    dependencies:
      '@pixi/display': 7.2.2_@pixi+core@7.2.2
    dev: false

  /@pixi/mixin-get-global-position/7.2.2_a2usfhai6eps65didq6i7xaayy:
    resolution: {integrity: sha512-6Zj3yr84kOQN+XaXuNXWcI84yCw3A6XI1PPtIHGDZpa5Zsa4nvFBh5MA3R6Gg4eCnB+M6D3p49huiUC8zdXkIw==}
    peerDependencies:
      '@pixi/core': 7.2.2
      '@pixi/display': 7.2.2
    dependencies:
      '@pixi/core': 7.2.2
      '@pixi/display': 7.2.2_@pixi+core@7.2.2
    dev: false

  /@pixi/particle-container/7.2.2_a3kphzhronuyystcjhqcaxb6ci:
    resolution: {integrity: sha512-S5yfbXLOZjF8sCTzlkezSpf2gDjDTMJH2GwUxZK/Uq0NsuQu3/FL74m4GYYhJ9rxw3BCCb0weBncqEUtS8I70A==}
    peerDependencies:
      '@pixi/core': 7.2.2
      '@pixi/display': 7.2.2
      '@pixi/sprite': 7.2.2
    dependencies:
      '@pixi/core': 7.2.2
      '@pixi/display': 7.2.2_@pixi+core@7.2.2
      '@pixi/sprite': 7.2.2_a2usfhai6eps65didq6i7xaayy
    dev: false

  /@pixi/prepare/7.2.2_dpzkia5etrsio6akmsrsyn24ba:
    resolution: {integrity: sha512-QpFyZOjbaf4J73AlLgeYmn8OnK94xH5oGXDus/ihCc7ntYhv3oeAIOT81zGIkWms6G8ChsanPrHniw8S5YU69Q==}
    peerDependencies:
      '@pixi/core': 7.2.2
      '@pixi/display': 7.2.2
      '@pixi/graphics': 7.2.2
      '@pixi/text': 7.2.2
    dependencies:
      '@pixi/core': 7.2.2
      '@pixi/display': 7.2.2_@pixi+core@7.2.2
      '@pixi/graphics': 7.2.2_a3kphzhronuyystcjhqcaxb6ci
      '@pixi/text': 7.2.2_dxo63tlmuk3paeew3dwzrd3rbm
    dev: false

  /@pixi/runner/7.2.2:
    resolution: {integrity: sha512-rXbMGtk1aS8OSR/yMzdHxdWQIaEKAIV6k37L8Zt/wAD1lmTDqvDTjm8BSxPLQMkNGNFL+3YoBgTev1e7aNgWxw==}
    dev: false

  /@pixi/settings/7.2.2:
    resolution: {integrity: sha512-IqkiEZ3c/XAU1iPCuUy+MkzfzI3Hw7xHL24C+QrwbaJtJTodoKyfuKsk/H7T7Sz2f0gop1lfqwC3jGRiYzS/2g==}
    dependencies:
      '@pixi/constants': 7.2.2
      '@types/css-font-loading-module': 0.0.7
      ismobilejs: 1.1.1
    dev: false

  /@pixi/sprite-animated/7.2.2_dxo63tlmuk3paeew3dwzrd3rbm:
    resolution: {integrity: sha512-nx2Lg8sLnAoMkZZaZlGui/rH3kOOpeHqG3NJmvvLv2q1sFGpz4rR7MNh31CnZlz5GjH/6ZGrZXKDx3Vk9Nw1TA==}
    peerDependencies:
      '@pixi/core': 7.2.2
      '@pixi/sprite': 7.2.2
    dependencies:
      '@pixi/core': 7.2.2
      '@pixi/sprite': 7.2.2_a2usfhai6eps65didq6i7xaayy
    dev: false

  /@pixi/sprite-tiling/7.2.2_a3kphzhronuyystcjhqcaxb6ci:
    resolution: {integrity: sha512-Qz73BUDo4qO0SRgIO11jgdi45EAqKw/abKwEuP4ONLTPSOj75tQhvFd4U2Od4O+U+1JI1Ao0gQJDiBC8JuCrdg==}
    peerDependencies:
      '@pixi/core': 7.2.2
      '@pixi/display': 7.2.2
      '@pixi/sprite': 7.2.2
    dependencies:
      '@pixi/core': 7.2.2
      '@pixi/display': 7.2.2_@pixi+core@7.2.2
      '@pixi/sprite': 7.2.2_a2usfhai6eps65didq6i7xaayy
    dev: false

  /@pixi/sprite/7.2.2_a2usfhai6eps65didq6i7xaayy:
    resolution: {integrity: sha512-GFt7Vyy41rVqQJOtstTD5mC+Dgyc6duySWrsRvCTSD6Q7nvJC+y7Zpgl6If9wbq2wx8CRGk9KlLeBI16rra69Q==}
    peerDependencies:
      '@pixi/core': 7.2.2
      '@pixi/display': 7.2.2
    dependencies:
      '@pixi/core': 7.2.2
      '@pixi/display': 7.2.2_@pixi+core@7.2.2
    dev: false

  /@pixi/spritesheet/7.2.2_mkc65bglnw6zowdyfu764e5k54:
    resolution: {integrity: sha512-XMFDa78TRM1JgTa9b4wtSObibNzUFyZdOUtD/djVnSJpqlHK2X3CMdYsT3ccP1SyhDB7im6kKnAmjljxgd4jRQ==}
    peerDependencies:
      '@pixi/assets': 7.2.2
      '@pixi/core': 7.2.2
    dependencies:
      '@pixi/assets': 7.2.2_@pixi+core@7.2.2
      '@pixi/core': 7.2.2
    dev: false

  /@pixi/text-bitmap/7.2.2_zopcuqzcffk2sb5eshd2txeuye:
    resolution: {integrity: sha512-7tbrh49wgU1EKODSo/TjeaD5RDmvcLQbEehfUF+2dligd8dlsE+DRjgGebbzzmk73ViEdthcN2VSSeF2W8+blw==}
    peerDependencies:
      '@pixi/assets': 7.2.2
      '@pixi/core': 7.2.2
      '@pixi/display': 7.2.2
      '@pixi/mesh': 7.2.2
      '@pixi/text': 7.2.2
    dependencies:
      '@pixi/assets': 7.2.2_@pixi+core@7.2.2
      '@pixi/core': 7.2.2
      '@pixi/display': 7.2.2_@pixi+core@7.2.2
      '@pixi/mesh': 7.2.2_a2usfhai6eps65didq6i7xaayy
      '@pixi/text': 7.2.2_dxo63tlmuk3paeew3dwzrd3rbm
    dev: false

  /@pixi/text-html/7.2.2_doyz3t5veh7zrp6jbvbidpseyu:
    resolution: {integrity: sha512-HQqXK1j2rA9zXZrLgGerTIAOXWS95vV0oPeC8rMQESPC560wC9qtG165OLBo5BbtBukEJlT+n6QYNORqaYY5lQ==}
    peerDependencies:
      '@pixi/core': 7.2.2
      '@pixi/display': 7.2.2
      '@pixi/sprite': 7.2.2
      '@pixi/text': 7.2.2
    dependencies:
      '@pixi/core': 7.2.2
      '@pixi/display': 7.2.2_@pixi+core@7.2.2
      '@pixi/sprite': 7.2.2_a2usfhai6eps65didq6i7xaayy
      '@pixi/text': 7.2.2_dxo63tlmuk3paeew3dwzrd3rbm
    dev: false

  /@pixi/text/7.2.2_dxo63tlmuk3paeew3dwzrd3rbm:
    resolution: {integrity: sha512-hj6oOZkoWQx+p6fQcsiN2kXRyqsjNsjyNgte8xqoUfkmu2kUkL8HpyrKN/npGaIDlLRH1LTfAO1xuKyiLSmtUg==}
    peerDependencies:
      '@pixi/core': 7.2.2
      '@pixi/sprite': 7.2.2
    dependencies:
      '@pixi/core': 7.2.2
      '@pixi/sprite': 7.2.2_a2usfhai6eps65didq6i7xaayy
    dev: false

  /@pixi/ticker/7.2.2:
    resolution: {integrity: sha512-fNW1WWnDfyc7pk+AUokUeurK19gG3bIX/NQGB+Y7KiP84EwKZbLwMXQWIhc3aRZt7lzEA8yFXQ0+Oqi5IIGFUQ==}
    dependencies:
      '@pixi/extensions': 7.2.2
      '@pixi/settings': 7.2.2
      '@pixi/utils': 7.2.2
    dev: false

  /@pixi/tilemap/4.0.0:
    resolution: {integrity: sha512-FJgs8BVCTmTDEmIigDKbdDM6T5OmIrtAAS+Xh082P2t9eXg8FYcgIywrb2JNjP8RYBHJaT3V/X/ZClVFqNjpkg==}
    dev: false

  /@pixi/utils/7.2.2:
    resolution: {integrity: sha512-+EMCAA+lDe8AmLzrwAhCNybevuOcGyFHSo1NtRpd7Z1ocrG0atzq4gjKxUX8VoqJ89rWFZdhZpdGPMh0xRELaQ==}
    dependencies:
      '@pixi/color': 7.2.2
      '@pixi/constants': 7.2.2
      '@pixi/settings': 7.2.2
      '@types/earcut': 2.1.1
      earcut: 2.2.4
      eventemitter3: 4.0.7
      url: 0.11.0
    dev: false

  /@rpgjs/common/3.3.0:
    resolution: {integrity: sha512-/yrzL0aSqJ1chQ++Yiw52HJiXeAGON4NulLOF/2exRSd+CR2A1MpYouOcFIuupHvyPef6/j6YOwbE3q1KphwwA==}
    dependencies:
      '@rpgjs/tiled': 3.3.0
      '@rpgjs/types': 3.3.0
      rbush: 3.0.1
      rxjs: 7.8.0
      sat: 0.9.0
      workerpool: 6.4.0
    transitivePeerDependencies:
      - debug
    dev: false

  /@rpgjs/tiled/3.3.0:
    resolution: {integrity: sha512-TRGVVUA7diyrd5pMYlDc17T2L0NgoRJmFQ4iuMalFdDuNTtud7w2w0Qjrbn9qoR95hzPvelEPthlcj3hI+ptqQ==}
    dependencies:
      axios: 0.27.2
      buffer: 6.0.3
      xml-js: 1.6.11
      xmlbuilder: 15.1.1
    transitivePeerDependencies:
      - debug
    dev: false

  /@rpgjs/types/3.3.0:
    resolution: {integrity: sha512-zb+U0/VkGwqNuXwtEMb1bgBOSJLc3s240C/+y8FtSTvX6spiafMkdzofKU251ujfFC+Nxg6qLyf3vhd5c21Rag==}
    dependencies:
      rxjs: 7.8.0
    dev: false

  /@types/css-font-loading-module/0.0.7:
    resolution: {integrity: sha512-nl09VhutdjINdWyXxHWN/w9zlNCfr60JUqJbd24YXUuCwgeL0TpFSdElCwb6cxfB6ybE19Gjj4g0jsgkXxKv1Q==}
    dev: false

  /@types/css-font-loading-module/0.0.8:
    resolution: {integrity: sha512-PdJeLlCJj/ShOA+c0dXdZ/e1P0Cdjhip+dRBtPaigOqwKd0DiFx3NeO6T2E7AQ5JszSR3dub3YkQjc2hcQyxSw==}
    dev: true

  /@types/earcut/2.1.1:
    resolution: {integrity: sha512-w8oigUCDjElRHRRrMvn/spybSMyX8MTkKA5Dv+tS1IE/TgmNZPqUYtvYBXGY8cieSE66gm+szeK+bnbxC2xHTQ==}
    dev: false

  /@types/howler/2.2.1:
    resolution: {integrity: sha512-1MiSldngr+eAO4lDPtjzl4Nf2GmRh8VDHIpNBIkyd25L22JExVlI6w3fjSM7+FNc1e1WZAPNq7/flkw685byfg==}
    dev: false

  /@types/node/18.15.9:
    resolution: {integrity: sha512-dUxhiNzBLr6IqlZXz6e/rN2YQXlFgOei/Dxy+e3cyXTJ4txSUbGT2/fmnD6zd/75jDMeW5bDee+YXxlFKHoV0A==}
    dev: true

  /@types/offscreencanvas/2019.7.0:
    resolution: {integrity: sha512-PGcyveRIpL1XIqK8eBsmRBt76eFgtzuPiSTyKHZxnGemp2yzGzWpjYKAfK3wIMiU7eH+851yEpiuP8JZerTmWg==}
    dev: false

  /@vue/compiler-core/3.2.47:
    resolution: {integrity: sha512-p4D7FDnQb7+YJmO2iPEv0SQNeNzcbHdGByJDsT4lynf63AFkOTFN07HsiRSvjGo0QrxR/o3d0hUyNCUnBU2Tig==}
    dependencies:
      '@babel/parser': 7.21.3
      '@vue/shared': 3.2.47
      estree-walker: 2.0.2
      source-map: 0.6.1
    dev: false

  /@vue/compiler-dom/3.2.47:
    resolution: {integrity: sha512-dBBnEHEPoftUiS03a4ggEig74J2YBZ2UIeyfpcRM2tavgMWo4bsEfgCGsu+uJIL/vax9S+JztH8NmQerUo7shQ==}
    dependencies:
      '@vue/compiler-core': 3.2.47
      '@vue/shared': 3.2.47
    dev: false

  /@vue/compiler-sfc/3.2.47:
    resolution: {integrity: sha512-rog05W+2IFfxjMcFw10tM9+f7i/+FFpZJJ5XHX72NP9eC2uRD+42M3pYcQqDXVYoj74kHMSEdQ/WmCjt8JFksQ==}
    dependencies:
      '@babel/parser': 7.21.3
      '@vue/compiler-core': 3.2.47
      '@vue/compiler-dom': 3.2.47
      '@vue/compiler-ssr': 3.2.47
      '@vue/reactivity-transform': 3.2.47
      '@vue/shared': 3.2.47
      estree-walker: 2.0.2
      magic-string: 0.25.9
      postcss: 8.4.21
      source-map: 0.6.1
    dev: false

  /@vue/compiler-ssr/3.2.47:
    resolution: {integrity: sha512-wVXC+gszhulcMD8wpxMsqSOpvDZ6xKXSVWkf50Guf/S+28hTAXPDYRTbLQ3EDkOP5Xz/+SY37YiwDquKbJOgZw==}
    dependencies:
      '@vue/compiler-dom': 3.2.47
      '@vue/shared': 3.2.47
    dev: false

  /@vue/reactivity-transform/3.2.47:
    resolution: {integrity: sha512-m8lGXw8rdnPVVIdIFhf0LeQ/ixyHkH5plYuS83yop5n7ggVJU+z5v0zecwEnX7fa7HNLBhh2qngJJkxpwEEmYA==}
    dependencies:
      '@babel/parser': 7.21.3
      '@vue/compiler-core': 3.2.47
      '@vue/shared': 3.2.47
      estree-walker: 2.0.2
      magic-string: 0.25.9
    dev: false

  /@vue/reactivity/3.2.47:
    resolution: {integrity: sha512-7khqQ/75oyyg+N/e+iwV6lpy1f5wq759NdlS1fpAhFXa8VeAIKGgk2E/C4VF59lx5b+Ezs5fpp/5WsRYXQiKxQ==}
    dependencies:
      '@vue/shared': 3.2.47
    dev: false

  /@vue/runtime-core/3.2.47:
    resolution: {integrity: sha512-RZxbLQIRB/K0ev0K9FXhNbBzT32H9iRtYbaXb0ZIz2usLms/D55dJR2t6cIEUn6vyhS3ALNvNthI+Q95C+NOpA==}
    dependencies:
      '@vue/reactivity': 3.2.47
      '@vue/shared': 3.2.47
    dev: false

  /@vue/runtime-dom/3.2.47:
    resolution: {integrity: sha512-ArXrFTjS6TsDei4qwNvgrdmHtD930KgSKGhS5M+j8QxXrDJYLqYw4RRcDy1bz1m1wMmb6j+zGLifdVHtkXA7gA==}
    dependencies:
      '@vue/runtime-core': 3.2.47
      '@vue/shared': 3.2.47
      csstype: 2.6.21
    dev: false

  /@vue/server-renderer/3.2.47_vue@3.2.47:
    resolution: {integrity: sha512-dN9gc1i8EvmP9RCzvneONXsKfBRgqFeFZLurmHOveL7oH6HiFXJw5OGu294n1nHc/HMgTy6LulU/tv5/A7f/LA==}
    peerDependencies:
      vue: 3.2.47
    dependencies:
      '@vue/compiler-ssr': 3.2.47
      '@vue/shared': 3.2.47
      vue: 3.2.47
    dev: false

  /@vue/shared/3.2.47:
    resolution: {integrity: sha512-BHGyyGN3Q97EZx0taMQ+OLNuZcW3d37ZEVmEAyeoA9ERdGvm9Irc/0Fua8SNyOtV1w6BS4q25wbMzJujO9HIfQ==}
    dev: false

  /asynckit/0.4.0:
    resolution: {integrity: sha512-Oei9OH4tRh0YqU3GxhX79dM/mwVgvbZJaSNaRk+bshkj0S5cfHcgYakreBjrHwatXKbz+IoIdYLxrKim2MjW0Q==}
    dev: false

  /axios/0.27.2:
    resolution: {integrity: sha512-t+yRIyySRTp/wua5xEr+z1q60QmLq8ABsS5O9Me1AsE5dfKqgnCFzwiCZZ/cGNd1lq4/7akDWMxdhVlucjmnOQ==}
    dependencies:
      follow-redirects: 1.15.2
      form-data: 4.0.0
    transitivePeerDependencies:
      - debug
    dev: false

  /base64-js/1.5.1:
    resolution: {integrity: sha512-AKpaYlHn8t4SVbOHCy+b5+KKgvR4vrsD8vbvrbiQJps7fKDTkjkDry6ji0rUJjC0kzbNePLwzxq8iypo41qeWA==}
    dev: false

  /buffer/6.0.3:
    resolution: {integrity: sha512-FTiCpNxtwiZZHEZbcbTIcZjERVICn9yq/pDFkTl95/AxzD1naBctN7YO68riM/gLSDY7sdrMby8hofADYuuqOA==}
    dependencies:
      base64-js: 1.5.1
      ieee754: 1.2.1
    dev: false

  /colord/2.9.3:
    resolution: {integrity: sha512-jeC1axXpnb0/2nn/Y1LPuLdgXBLH7aDcHu4KEKfqw3CUhX7ZpfBSlPKyqXE6btIgEzfWtrX3/tyBCaCvXvMkOw==}
    dev: false

  /combined-stream/1.0.8:
    resolution: {integrity: sha512-FQN4MRfuJeHf7cBbBMJFXhKSDq+2kAArBlmRBvcvFE5BB1HZKXtSFASDhdlz9zOYwxh8lDdnvmMOe/+5cdoEdg==}
    engines: {node: '>= 0.8'}
    dependencies:
      delayed-stream: 1.0.0
    dev: false

  /csstype/2.6.21:
    resolution: {integrity: sha512-Z1PhmomIfypOpoMjRQB70jfvy/wxT50qW08YXO5lMIJkrdq4yOTR+AW7FqutScmB9NkLwxo+jU+kZLbofZZq/w==}
    dev: false

  /delayed-stream/1.0.0:
    resolution: {integrity: sha512-ZySD7Nf91aLB0RxL4KGrKHBXl7Eds1DAmEdcoVawXnLD7SDhpNgtuII2aAkg7a7QS41jxPSZ17p4VdGnMHk3MQ==}
    engines: {node: '>=0.4.0'}
    dev: false

  /earcut/2.2.4:
    resolution: {integrity: sha512-/pjZsA1b4RPHbeWZQn66SWS8nZZWLQQ23oE3Eam7aroEFGEvwKAsJfZ9ytiEMycfzXWpca4FA9QIOehf7PocBQ==}
    dev: false

  /estree-walker/2.0.2:
    resolution: {integrity: sha512-Rfkk/Mp/DL7JVje3u18FxFujQlTNR2q6QfMSMB7AvCBx91NGj/ba3kCfza0f6dVDbw7YlRf/nDrn7pQrCCyQ/w==}
    dev: false

  /event-lite/0.1.3:
    resolution: {integrity: sha512-8qz9nOz5VeD2z96elrEKD2U433+L3DWdUdDkOINLGOJvx1GsMBbMn0aCeu28y8/e85A6mCigBiFlYMnTBEGlSw==}
    dev: false

  /eventemitter3/4.0.7:
    resolution: {integrity: sha512-8guHBZCwKnFhYdHr2ysuRWErTwhoN2X8XELRlrRwpmfeY2jjuUN4taQMsULKUVo1K4DvZl+0pgfyoysHxvmvEw==}
    dev: false

  /follow-redirects/1.15.2:
    resolution: {integrity: sha512-VQLG33o04KaQ8uYi2tVNbdrWp1QWxNNea+nmIB4EVM28v0hmP17z7aG1+wAkNzVq4KeXTq3221ye5qTJP91JwA==}
    engines: {node: '>=4.0'}
    peerDependencies:
      debug: '*'
    peerDependenciesMeta:
      debug:
        optional: true
    dev: false

  /form-data/4.0.0:
    resolution: {integrity: sha512-ETEklSGi5t0QMZuiXoA/Q6vcnxcLQP5vdugSpuAyi6SVGi2clPPp+xgEhuMaHC+zGgn31Kd235W35f7Hykkaww==}
    engines: {node: '>= 6'}
    dependencies:
      asynckit: 0.4.0
      combined-stream: 1.0.8
      mime-types: 2.1.35
    dev: false

  /howler/2.2.3:
    resolution: {integrity: sha512-QM0FFkw0LRX1PR8pNzJVAY25JhIWvbKMBFM4gqk+QdV+kPXOhleWGCB6AiAF/goGjIHK2e/nIElplvjQwhr0jg==}
    dev: false

  /ieee754/1.2.1:
    resolution: {integrity: sha512-dcyqhDvX1C46lXZcVqCpK+FtMRQVdIMN6/Df5js2zouUsqG7I6sFxitIC+7KYK29KdXOLHdu9zL4sFnoVQnqaA==}
    dev: false

  /int64-buffer/0.1.10:
    resolution: {integrity: sha512-v7cSY1J8ydZ0GyjUHqF+1bshJ6cnEVLo9EnjB8p+4HDRPZc9N5jjmvUV7NvEsqQOKyH0pmIBFWXVQbiS0+OBbA==}
    dev: false

  /isarray/1.0.0:
    resolution: {integrity: sha512-VLghIWNM6ELQzo7zwmcg0NmTVyWKYjvIeM83yjp0wRDTmUnrM678fQbcKBo6n2CJEF0szoG//ytg+TKla89ALQ==}
    dev: false

  /ismobilejs/1.1.1:
    resolution: {integrity: sha512-VaFW53yt8QO61k2WJui0dHf4SlL8lxBofUuUmwBo0ljPk0Drz2TiuDW4jo3wDcv41qy/SxrJ+VAzJ/qYqsmzRw==}
    dev: false

  /lodash.get/4.4.2:
    resolution: {integrity: sha512-z+Uw/vLuy6gQe8cfaFWD7p0wVv8fJl3mbzXh33RS+0oW2wvUqiRXiQ69gLWSLpgB5/6sU+r6BlQR0MBILadqTQ==}
    dev: false

  /lodash.merge/4.6.2:
    resolution: {integrity: sha512-0KpjqXRVvrYyCsX1swR/XTK0va6VQkQM6MNo7PqW77ByjAhoARA8EfrP1N4+KlKj8YS0ZUCtRT/YUuhyYDujIQ==}
    dev: false

  /lodash.mergewith/4.6.2:
    resolution: {integrity: sha512-GK3g5RPZWTRSeLSpgP8Xhra+pnjBC56q9FZYe1d5RN3TJ35dbkGy3YqBSMbyCrlbi+CM9Z3Jk5yTL7RCsqboyQ==}
    dev: false

  /magic-string/0.25.9:
    resolution: {integrity: sha512-RmF0AsMzgt25qzqqLc1+MbHmhdx0ojF2Fvs4XnOqz2ZOBXzzkEwc/dJQZCYHAn7v1jbVOjAZfK8msRn4BxO4VQ==}
    dependencies:
      sourcemap-codec: 1.4.8
    dev: false

  /mime-db/1.52.0:
    resolution: {integrity: sha512-sPU4uV7dYlvtWJxwwxHD0PuihVNiE7TyAbQ5SWxDCB9mUYvOgroQOwYQQOKPJ8CIbE+1ETVlOoK1UC2nU3gYvg==}
    engines: {node: '>= 0.6'}
    dev: false

  /mime-types/2.1.35:
    resolution: {integrity: sha512-ZDY+bPm5zTTF+YpCrAU9nK0UgICYPT0QtT1NZWFv4s++TNkcgVaT0g6+4R2uI4MjQjzysHB1zxuWL50hzaeXiw==}
    engines: {node: '>= 0.6'}
    dependencies:
      mime-db: 1.52.0
    dev: false

  /msgpack-lite/0.1.26:
    resolution: {integrity: sha512-SZ2IxeqZ1oRFGo0xFGbvBJWMp3yLIY9rlIJyxy8CGrwZn1f0ZK4r6jV/AM1r0FZMDUkWkglOk/eeKIL9g77Nxw==}
    hasBin: true
    dependencies:
      event-lite: 0.1.3
      ieee754: 1.2.1
      int64-buffer: 0.1.10
      isarray: 1.0.0
    dev: false

  /nanoid/3.3.4:
    resolution: {integrity: sha512-MqBkQh/OHTS2egovRtLk45wEyNXwF+cokD+1YPf9u5VfJiRdAiRwB2froX5Co9Rh20xs4siNPm8naNotSD6RBw==}
    engines: {node: ^10 || ^12 || ^13.7 || ^14 || >=15.0.1}
    hasBin: true
    dev: false

  /nanostores/0.6.0:
    resolution: {integrity: sha512-CQpKE8wtaJAr66hbg32t0MOAeybzLywU6UsLAX18kyQL/bME+xwhjWpmrvJRBp5kueFy6hs2oHlt3HFpNP+JaA==}
    engines: {node: ^14.0.0 || ^16.0.0 || >=18.0.0}
    dev: false

  /picocolors/1.0.0:
    resolution: {integrity: sha512-1fygroTLlHu66zi26VoTDv8yRgm0Fccecssto+MhsZ0D/DGW2sm8E8AjW7NU5VVTRt5GxbeZ5qBuJr+HyLYkjQ==}
    dev: false

  /pixi-viewport/5.0.1:
    resolution: {integrity: sha512-fIILU9xztqGnhGF5SYfjn1Rir/7asWkJ8zSUay2hwzPrdGTWFtB4yiIlZDeFaLf7KHA04RRb2kI01Sy1kNksAw==}
    dev: false

  /pixi.js/7.2.2:
    resolution: {integrity: sha512-fY/DvZyK5DbgP1CU0VpauZ3c3ls7YcqXMTe2x6b787dm7WOuXeIF3L5yIBtf/38+ZmcqTqCN/PWYA9v6HZ/SQg==}
    dependencies:
      '@pixi/accessibility': 7.2.2_ifpzp6amle7vks4mqtsvwnrokm
      '@pixi/app': 7.2.2_a2usfhai6eps65didq6i7xaayy
      '@pixi/assets': 7.2.2_@pixi+core@7.2.2
      '@pixi/compressed-textures': 7.2.2_mkc65bglnw6zowdyfu764e5k54
      '@pixi/core': 7.2.2
      '@pixi/display': 7.2.2_@pixi+core@7.2.2
      '@pixi/events': 7.2.2_a2usfhai6eps65didq6i7xaayy
      '@pixi/extensions': 7.2.2
      '@pixi/extract': 7.2.2_@pixi+core@7.2.2
      '@pixi/filter-alpha': 7.2.2_@pixi+core@7.2.2
      '@pixi/filter-blur': 7.2.2_@pixi+core@7.2.2
      '@pixi/filter-color-matrix': 7.2.2_@pixi+core@7.2.2
      '@pixi/filter-displacement': 7.2.2_@pixi+core@7.2.2
      '@pixi/filter-fxaa': 7.2.2_@pixi+core@7.2.2
      '@pixi/filter-noise': 7.2.2_@pixi+core@7.2.2
      '@pixi/graphics': 7.2.2_a3kphzhronuyystcjhqcaxb6ci
      '@pixi/mesh': 7.2.2_a2usfhai6eps65didq6i7xaayy
      '@pixi/mesh-extras': 7.2.2_ydh5pa7r5myjj46mp5nrvlbneu
      '@pixi/mixin-cache-as-bitmap': 7.2.2_a3kphzhronuyystcjhqcaxb6ci
      '@pixi/mixin-get-child-by-name': 7.2.2_@pixi+display@7.2.2
      '@pixi/mixin-get-global-position': 7.2.2_a2usfhai6eps65didq6i7xaayy
      '@pixi/particle-container': 7.2.2_a3kphzhronuyystcjhqcaxb6ci
      '@pixi/prepare': 7.2.2_dpzkia5etrsio6akmsrsyn24ba
      '@pixi/sprite': 7.2.2_a2usfhai6eps65didq6i7xaayy
      '@pixi/sprite-animated': 7.2.2_dxo63tlmuk3paeew3dwzrd3rbm
      '@pixi/sprite-tiling': 7.2.2_a3kphzhronuyystcjhqcaxb6ci
      '@pixi/spritesheet': 7.2.2_mkc65bglnw6zowdyfu764e5k54
      '@pixi/text': 7.2.2_dxo63tlmuk3paeew3dwzrd3rbm
      '@pixi/text-bitmap': 7.2.2_zopcuqzcffk2sb5eshd2txeuye
      '@pixi/text-html': 7.2.2_doyz3t5veh7zrp6jbvbidpseyu
    transitivePeerDependencies:
      - '@pixi/utils'
    dev: false

  /postcss/8.4.21:
    resolution: {integrity: sha512-tP7u/Sn/dVxK2NnruI4H9BG+x+Wxz6oeZ1cJ8P6G/PZY0IKk4k/63TDsQf2kQq3+qoJeLm2kIBUNlZe3zgb4Zg==}
    engines: {node: ^10 || ^12 || >=14}
    dependencies:
      nanoid: 3.3.4
      picocolors: 1.0.0
      source-map-js: 1.0.2
    dev: false

  /punycode/1.3.2:
    resolution: {integrity: sha512-RofWgt/7fL5wP1Y7fxE7/EmTLzQVnB0ycyibJ0OOHIlJqTNzglYFxVwETOcIoJqJmpDXJ9xImDv+Fq34F/d4Dw==}
    dev: false

  /querystring/0.2.0:
    resolution: {integrity: sha512-X/xY82scca2tau62i9mDyU9K+I+djTMUsvwf7xnUX5GLvVzgJybOJf4Y6o9Zx3oJK/LSXg5tTZBjwzqVPaPO2g==}
    engines: {node: '>=0.4.x'}
    deprecated: The querystring API is considered Legacy. new code should use the URLSearchParams API instead.
    dev: false

  /quickselect/2.0.0:
    resolution: {integrity: sha512-RKJ22hX8mHe3Y6wH/N3wCM6BWtjaxIyyUIkpHOvfFnxdI4yD4tBXEBKSbriGujF6jnSVkJrffuo6vxACiSSxIw==}
    dev: false

  /rbush/3.0.1:
    resolution: {integrity: sha512-XRaVO0YecOpEuIvbhbpTrZgoiI6xBlz6hnlr6EHhd+0x9ase6EmeN+hdwwUaJvLcsFFQ8iWVF1GAK1yB0BWi0w==}
    dependencies:
      quickselect: 2.0.0
    dev: false

  /rxjs/6.6.3:
    resolution: {integrity: sha512-trsQc+xYYXZ3urjOiJOuCOa5N3jAZ3eiSpQB5hIT8zGlL2QfnHLJ2r7GMkBGuIausdJN1OneaI6gQlsqNHHmZQ==}
    engines: {npm: '>=2.0.0'}
    dependencies:
      tslib: 1.14.1
    dev: false

  /rxjs/7.8.0:
    resolution: {integrity: sha512-F2+gxDshqmIub1KdvZkaEfGDwLNpPvk9Fs6LD/MyQxNgMds/WH9OdDDXOmxUZpME+iSK3rQCctkL0DYyytUqMg==}
    dependencies:
      tslib: 2.5.0
    dev: false

  /sat/0.9.0:
    resolution: {integrity: sha512-mxdv5RZJO4tdMnUURGU3gAMcnDUEwcNJwE+lPO0/V+rBeDvFLH3wEZEOR0fH7cTN0zQaNxBEbHnyQL9DzupwQQ==}
    dev: false

  /sax/1.2.4:
    resolution: {integrity: sha512-NqVDv9TpANUjFm0N8uM5GxL36UgKi9/atZw+x7YFnQ8ckwFGKrl4xX4yWtrey3UJm5nP1kUbnYgLopqWNSRhWw==}
    dev: false

  /simple-room-client/1.0.0:
    resolution: {integrity: sha512-erDmW73r7zr1FsMiJlaYyLd/xXZsE7MrzQbmG8eLqQp0NCGkHL5tLoWni5blBiYPso2k9/3qphm3CSu3pN2PeQ==}
    dependencies:
      lodash.merge: 4.6.2
      lodash.mergewith: 4.6.2
      msgpack-lite: 0.1.26
      nanostores: 0.6.0
      rxjs: 6.6.3
    dev: false

  /source-map-js/1.0.2:
    resolution: {integrity: sha512-R0XvVJ9WusLiqTCEiGCmICCMplcCkIwwR11mOSD9CR5u+IXYdiseeEuXCVAjS54zqwkLcPNnmU4OeJ6tUrWhDw==}
    engines: {node: '>=0.10.0'}
    dev: false

  /source-map/0.6.1:
    resolution: {integrity: sha512-UjgapumWlbMhkBgzT7Ykc5YXUT46F0iKu8SGXq0bcwP5dz/h0Plj6enJqjz1Zbq2l5WaqYnrVbwWOWMyF3F47g==}
    engines: {node: '>=0.10.0'}
    dev: false

  /sourcemap-codec/1.4.8:
    resolution: {integrity: sha512-9NykojV5Uih4lgo5So5dtw+f0JgJX30KCNI8gwhz2J9A15wD0Ml6tjHKwf6fTSa6fAdVBdZeNOs9eJ71qCk8vA==}
    deprecated: Please use @jridgewell/sourcemap-codec instead
    dev: false

  /to-fast-properties/2.0.0:
    resolution: {integrity: sha512-/OaKK0xYrs3DmxRYqL/yDc+FxFUVYhDlXMhRmv3z915w2HF1tnN1omB354j8VUGO/hbRzyD6Y3sA7v7GS/ceog==}
    engines: {node: '>=4'}
    dev: false

  /tslib/1.14.1:
    resolution: {integrity: sha512-Xni35NKzjgMrwevysHTCArtLDpPvye8zV/0E4EyYn43P7/7qvQwPh9BGkHewbMulVntbigmcT7rdX3BNo9wRJg==}
    dev: false

  /tslib/2.5.0:
    resolution: {integrity: sha512-336iVw3rtn2BUK7ORdIAHTyxHGRIHVReokCR3XjbckJMK7ms8FysBfhLR8IXnAgy7T0PTPNBWKiH514FOW/WSg==}
    dev: false

  /typescript/5.0.2:
    resolution: {integrity: sha512-wVORMBGO/FAs/++blGNeAVdbNKtIh1rbBL2EyQ1+J9lClJ93KiiKe8PmFIVdXhHcyv44SL9oglmfeSsndo0jRw==}
    engines: {node: '>=12.20'}
    hasBin: true
    dev: true

  /url/0.11.0:
    resolution: {integrity: sha512-kbailJa29QrtXnxgq+DdCEGlbTeYM2eJUxsz6vjZavrCYPMIFHMKQmSKYAIuUK2i7hgPm28a8piX5NTUtM/LKQ==}
    dependencies:
      punycode: 1.3.2
      querystring: 0.2.0
    dev: false

  /vue/3.2.47:
    resolution: {integrity: sha512-60188y/9Dc9WVrAZeUVSDxRQOZ+z+y5nO2ts9jWXSTkMvayiWxCWOWtBQoYjLeccfXkiiPZWAHcV+WTPhkqJHQ==}
    dependencies:
      '@vue/compiler-dom': 3.2.47
      '@vue/compiler-sfc': 3.2.47
      '@vue/runtime-dom': 3.2.47
      '@vue/server-renderer': 3.2.47_vue@3.2.47
      '@vue/shared': 3.2.47
    dev: false

  /workerpool/6.4.0:
    resolution: {integrity: sha512-i3KR1mQMNwY2wx20ozq2EjISGtQWDIfV56We+yGJ5yDs8jTwQiLLaqHlkBHITlCuJnYlVRmXegxFxZg7gqI++A==}
    dev: false

  /xml-js/1.6.11:
    resolution: {integrity: sha512-7rVi2KMfwfWFl+GpPg6m80IVMWXLRjO+PxTq7V2CDhoGak0wzYzFgUY2m4XJ47OGdXd8eLE8EmwfAmdjw7lC1g==}
    hasBin: true
    dependencies:
      sax: 1.2.4
    dev: false

  /xmlbuilder/15.1.1:
    resolution: {integrity: sha512-yMqGBqtXyeN1e3TGYvgNgDVZ3j84W4cwkOXQswghol6APgZWaff9lnbvN7MHYJOiXsvGPXtjTYJEiC9J2wv9Eg==}
    engines: {node: '>=8.0'}
    dev: false
