# pnpm-lock.yaml

# This file is used for the pnpm package manager to lock the dependencies
# It is generated automatically based on package.json files and can be updated regularly.

lockfileVersion: 5


packages:
  /@canvasengine/presets/0.1.0:
    dependencies:
      enzyme: ^3.10.0
      react: ^17.0.0
  /@canvasengine/presets/0.1.1:
    dependencies:
      enzyme: ^3.10.0
      react: ^17.0.0
  /@canvasengine/presets/0.1.2:
    dependencies:
      enzyme: ^3.10.0
      react: ^17.0.0

# Additional entries to ensure synchronization with other packages could go here.