{
  "name": "@rpgjs/common",
  "version": "3.0.0-beta.7",
  "lockfileVersion": 1,
  "requires": true,
  "dependencies": {
    "sat": {
      "version": "0.9.0",
      "resolved": "https://registry.npmjs.org/sat/-/sat-0.9.0.tgz",
      "integrity": "sha512-mxdv5RZJO4tdMnUURGU3gAMcnDUEwcNJwE+lPO0/V+rBeDvFLH3wEZEOR0fH7cTN0zQaNxBEbHnyQL9DzupwQQ=="
    },
    "typescript": {
      "version": "4.3.5",
      "resolved": "https://registry.npmjs.org/typescript/-/typescript-4.3.5.tgz",
      "integrity": "sha512-DqQgihaQ9cUrskJo9kIyW/+g0Vxsk8cDtZ52a3NGh0YNTfpUSArXSohyUGnvbPazEPLu398C0UxmKSOrPumUzA==",
      "dev": true
    },
    "workerpool": {
      "version": "6.2.0",
      "resolved": "https://registry.npmjs.org/workerpool/-/workerpool-6.2.0.tgz",
      "integrity": "sha512-Rsk5qQHJ9eowMH28Jwhe8HEbmdYDX4lwoMWshiCXugjtHqMD9ZbiqSDLxcsfdqsETPzVUtX5s1Z5kStiIM6l4A=="
    }
  }
}
