{
	"name": "@rpgjs/common",
	"version": "3.3.0",
	"lockfileVersion": 2,
	"requires": true,
	"packages": {
		"": {
			"name": "@rpgjs/common",
			"version": "3.3.0",
			"license": "MIT",
			"dependencies": {
				"rbush": "^3.0.1",
				"rxjs": "^7.8.0",
				"sat": "^0.9.0",
				"workerpool": "^6.4.0"
			},
			"devDependencies": {
				"typescript": "^5.0.2"
			}
		},
		"node_modules/quickselect": {
			"version": "2.0.0",
			"resolved": "https://registry.npmjs.org/quickselect/-/quickselect-2.0.0.tgz",
			"integrity": "sha512-RKJ22hX8mHe3Y6wH/N3wCM6BWtjaxIyyUIkpHOvfFnxdI4yD4tBXEBKSbriGujF6jnSVkJrffuo6vxACiSSxIw=="
		},
		"node_modules/rbush": {
			"version": "3.0.1",
			"resolved": "https://registry.npmjs.org/rbush/-/rbush-3.0.1.tgz",
			"integrity": "sha512-XRaVO0YecOpEuIvbhbpTrZgoiI6xBlz6hnlr6EHhd+0x9ase6EmeN+hdwwUaJvLcsFFQ8iWVF1GAK1yB0BWi0w==",
			"dependencies": {
				"quickselect": "^2.0.0"
			}
		},
		"node_modules/rxjs": {
			"version": "7.8.0",
			"resolved": "https://registry.npmjs.org/rxjs/-/rxjs-7.8.0.tgz",
			"integrity": "sha512-F2+gxDshqmIub1KdvZkaEfGDwLNpPvk9Fs6LD/MyQxNgMds/WH9OdDDXOmxUZpME+iSK3rQCctkL0DYyytUqMg==",
			"dependencies": {
				"tslib": "^2.1.0"
			}
		},
		"node_modules/sat": {
			"version": "0.9.0",
			"resolved": "https://registry.npmjs.org/sat/-/sat-0.9.0.tgz",
			"integrity": "sha512-mxdv5RZJO4tdMnUURGU3gAMcnDUEwcNJwE+lPO0/V+rBeDvFLH3wEZEOR0fH7cTN0zQaNxBEbHnyQL9DzupwQQ=="
		},
		"node_modules/tslib": {
			"version": "2.5.0",
			"resolved": "https://registry.npmjs.org/tslib/-/tslib-2.5.0.tgz",
			"integrity": "sha512-336iVw3rtn2BUK7ORdIAHTyxHGRIHVReokCR3XjbckJMK7ms8FysBfhLR8IXnAgy7T0PTPNBWKiH514FOW/WSg=="
		},
		"node_modules/typescript": {
			"version": "5.0.2",
			"resolved": "https://registry.npmjs.org/typescript/-/typescript-5.0.2.tgz",
			"integrity": "sha512-wVORMBGO/FAs/++blGNeAVdbNKtIh1rbBL2EyQ1+J9lClJ93KiiKe8PmFIVdXhHcyv44SL9oglmfeSsndo0jRw==",
			"dev": true,
			"bin": {
				"tsc": "bin/tsc",
				"tsserver": "bin/tsserver"
			},
			"engines": {
				"node": ">=12.20"
			}
		},
		"node_modules/workerpool": {
			"version": "6.4.0",
			"resolved": "https://registry.npmjs.org/workerpool/-/workerpool-6.4.0.tgz",
			"integrity": "sha512-i3KR1mQMNwY2wx20ozq2EjISGtQWDIfV56We+yGJ5yDs8jTwQiLLaqHlkBHITlCuJnYlVRmXegxFxZg7gqI++A=="
		}
	},
	"dependencies": {
		"quickselect": {
			"version": "2.0.0",
			"resolved": "https://registry.npmjs.org/quickselect/-/quickselect-2.0.0.tgz",
			"integrity": "sha512-RKJ22hX8mHe3Y6wH/N3wCM6BWtjaxIyyUIkpHOvfFnxdI4yD4tBXEBKSbriGujF6jnSVkJrffuo6vxACiSSxIw=="
		},
		"rbush": {
			"version": "3.0.1",
			"resolved": "https://registry.npmjs.org/rbush/-/rbush-3.0.1.tgz",
			"integrity": "sha512-XRaVO0YecOpEuIvbhbpTrZgoiI6xBlz6hnlr6EHhd+0x9ase6EmeN+hdwwUaJvLcsFFQ8iWVF1GAK1yB0BWi0w==",
			"requires": {
				"quickselect": "^2.0.0"
			}
		},
		"rxjs": {
			"version": "7.8.0",
			"resolved": "https://registry.npmjs.org/rxjs/-/rxjs-7.8.0.tgz",
			"integrity": "sha512-F2+gxDshqmIub1KdvZkaEfGDwLNpPvk9Fs6LD/MyQxNgMds/WH9OdDDXOmxUZpME+iSK3rQCctkL0DYyytUqMg==",
			"requires": {
				"tslib": "^2.1.0"
			}
		},
		"sat": {
			"version": "0.9.0",
			"resolved": "https://registry.npmjs.org/sat/-/sat-0.9.0.tgz",
			"integrity": "sha512-mxdv5RZJO4tdMnUURGU3gAMcnDUEwcNJwE+lPO0/V+rBeDvFLH3wEZEOR0fH7cTN0zQaNxBEbHnyQL9DzupwQQ=="
		},
		"tslib": {
			"version": "2.5.0",
			"resolved": "https://registry.npmjs.org/tslib/-/tslib-2.5.0.tgz",
			"integrity": "sha512-336iVw3rtn2BUK7ORdIAHTyxHGRIHVReokCR3XjbckJMK7ms8FysBfhLR8IXnAgy7T0PTPNBWKiH514FOW/WSg=="
		},
		"typescript": {
			"version": "5.0.2",
			"resolved": "https://registry.npmjs.org/typescript/-/typescript-5.0.2.tgz",
			"integrity": "sha512-wVORMBGO/FAs/++blGNeAVdbNKtIh1rbBL2EyQ1+J9lClJ93KiiKe8PmFIVdXhHcyv44SL9oglmfeSsndo0jRw==",
			"dev": true
		},
		"workerpool": {
			"version": "6.4.0",
			"resolved": "https://registry.npmjs.org/workerpool/-/workerpool-6.4.0.tgz",
			"integrity": "sha512-i3KR1mQMNwY2wx20ozq2EjISGtQWDIfV56We+yGJ5yDs8jTwQiLLaqHlkBHITlCuJnYlVRmXegxFxZg7gqI++A=="
		}
	}
}
