{
  "name": "@rpgjs/gamepad",
  "version": "4.3.0",
  "lockfileVersion": 2,
  "requires": true,
  "packages": {
    "": {
      "name": "@rpgjs/gamepad",
      "version": "4.3.0",
      "license": "MIT",
      "dependencies": {
        "joypad.js": "^2.3.3"
      }
    },
    "node_modules/joypad.js": {
      "version": "2.3.3",
      "resolved": "https://registry.npmjs.org/joypad.js/-/joypad.js-2.3.3.tgz",
      "integrity": "sha512-8THn8MlVvuLke8jE0rRpjfUivLrwty9MMnRratdxEmfXECZY2uKfB49N7uBln+Izf5q3wg13PF6E8+t4xAMPWA=="
    }
  },
  "dependencies": {
    "joypad.js": {
      "version": "2.3.3",
      "resolved": "https://registry.npmjs.org/joypad.js/-/joypad.js-2.3.3.tgz",
      "integrity": "sha512-8THn8MlVvuLke8jE0rRpjfUivLrwty9MMnRratdxEmfXECZY2uKfB49N7uBln+Izf5q3wg13PF6E8+t4xAMPWA=="
    }
  }
}
