{
  "name": "@rpgjs/gamepad",
  "version": "3.0.0-beta.4",
  "lockfileVersion": 1,
  "requires": true,
  "dependencies": {
    "bowser": {
      "version": "2.10.0",
      "resolved": "https://registry.npmjs.org/bowser/-/bowser-2.10.0.tgz",
      "integrity": "sha512-OCsqTQboTEWWsUjcp5jLSw2ZHsBiv2C105iFs61bOT0Hnwi9p7/uuXdd7mu8RYcarREfdjNN+8LitmEHATsLYg=="
    },
    "gamepad.js": {
      "version": "github:neogeek/gamepad.js#25787c3cab4d5ea6f9b1dc330df22ab8e64e16db",
      "from": "github:neogeek/gamepad.js",
      "requires": {
        "bowser": "2.10.0"
      }
    },
    "joypad.js": {
      "version": "2.2.5",
      "resolved": "https://registry.npmjs.org/joypad.js/-/joypad.js-2.2.5.tgz",
      "integrity": "sha512-jHSF8jslb1GDF+ZFgh9EzAwJytFR6KwlVjW0kkzNuEa3e+c1jyy4+79egWml3zgmfwukSCEZIbjZj7wTAKvN2Q=="
    }
  }
}
