{
  "name": "@rpgjs/server",
  "version": "3.0.0-beta.4",
  "lockfileVersion": 1,
  "requires": true,
  "dependencies": {
    "heap": {
      "version": "0.2.5",
      "resolved": "https://registry.npmjs.org/heap/-/heap-0.2.5.tgz",
      "integrity": "sha1-cTtlWQ68xA/L7q9V6FFpQJKzmvE="
    },
    "kompute": {
      "version": "1.13.0",
      "resolved": "https://registry.npmjs.org/kompute/-/kompute-1.13.0.tgz",
      "integrity": "sha512-32JdQ2qH0plt+5TlDlBi+qf4e2O2+gxr8OJcVjAIiFWaiZyloER6TI8Mwzter3bpZpNQMnLVkE6tsh6L7Br4Uw==",
      "requires": {
        "nearby-js": "^1.0.0"
      }
    },
    "lodash.merge": {
      "version": "4.6.2",
      "resolved": "https://registry.npmjs.org/lodash.merge/-/lodash.merge-4.6.2.tgz",
      "integrity": "sha512-0KpjqXRVvrYyCsX1swR/XTK0va6VQkQM6MNo7PqW77ByjAhoARA8EfrP1N4+KlKj8YS0ZUCtRT/YUuhyYDujIQ=="
    },
    "nearby-js": {
      "version": "1.0.0",
      "resolved": "https://registry.npmjs.org/nearby-js/-/nearby-js-1.0.0.tgz",
      "integrity": "sha512-0VuN7epo56uEMP1xThgO7EWWjHcFv85Lu+443lM40zqBb0bnMUiJ2rEYyeWqAQEJ6OVL87IXoK/PXoBGL+ijeA=="
    },
    "pathfinding": {
      "version": "0.4.18",
      "resolved": "https://registry.npmjs.org/pathfinding/-/pathfinding-0.4.18.tgz",
      "integrity": "sha1-qZkPb6IrfvGW5WUbBJFlQDoEX+g=",
      "requires": {
        "heap": "0.2.5"
      }
    },
    "sat": {
      "version": "0.8.0",
      "resolved": "https://registry.npmjs.org/sat/-/sat-0.8.0.tgz",
      "integrity": "sha512-W0iWln+43pb+74lxcYW24BrueFMMefdqHvHxGQ/W0NemnyBXrV0oE23kGNjPRgwIoTuodYIH3ul2jqLrf4VGSA=="
    },
    "typescript": {
      "version": "4.3.5",
      "resolved": "https://registry.npmjs.org/typescript/-/typescript-4.3.5.tgz",
      "integrity": "sha512-DqQgihaQ9cUrskJo9kIyW/+g0Vxsk8cDtZ52a3NGh0YNTfpUSArXSohyUGnvbPazEPLu398C0UxmKSOrPumUzA==",
      "dev": true
    },
    "yuka": {
      "version": "0.7.5",
      "resolved": "https://registry.npmjs.org/yuka/-/yuka-0.7.5.tgz",
      "integrity": "sha512-D7hZeTeT096srn0o5+mfcNqzBIexyVtENHjLh5qw9JE2tyu0ndKVF3U8ENxkmqZJ8Rxe0OL3Na8LYNF617A38w=="
    }
  }
}
