{
  "name": "@rpgjs/testing",
  "version": "4.0.0-beta.7",
  "lockfileVersion": 2,
  "requires": true,
  "packages": {
    "": {
      "name": "@rpgjs/testing",
      "version": "4.0.0-beta.7",
      "license": "MIT",
      "devDependencies": {
        "@types/css-font-loading-module": "^0.0.8",
        "typescript": "^5.0.2"
      }
    },
    "node_modules/@types/css-font-loading-module": {
      "version": "0.0.8",
      "resolved": "https://registry.npmjs.org/@types/css-font-loading-module/-/css-font-loading-module-0.0.8.tgz",
      "integrity": "sha512-PdJeLlCJj/ShOA+c0dXdZ/e1P0Cdjhip+dRBtPaigOqwKd0DiFx3NeO6T2E7AQ5JszSR3dub3YkQjc2hcQyxSw==",
      "dev": true
    },
    "node_modules/typescript": {
      "version": "5.0.2",
      "resolved": "https://registry.npmjs.org/typescript/-/typescript-5.0.2.tgz",
      "integrity": "sha512-wVORMBGO/FAs/++blGNeAVdbNKtIh1rbBL2EyQ1+J9lClJ93KiiKe8PmFIVdXhHcyv44SL9oglmfeSsndo0jRw==",
      "dev": true,
      "bin": {
        "tsc": "bin/tsc",
        "tsserver": "bin/tsserver"
      },
      "engines": {
        "node": ">=12.20"
      }
    }
  },
  "dependencies": {
    "@types/css-font-loading-module": {
      "version": "0.0.8",
      "resolved": "https://registry.npmjs.org/@types/css-font-loading-module/-/css-font-loading-module-0.0.8.tgz",
      "integrity": "sha512-PdJeLlCJj/ShOA+c0dXdZ/e1P0Cdjhip+dRBtPaigOqwKd0DiFx3NeO6T2E7AQ5JszSR3dub3YkQjc2hcQyxSw==",
      "dev": true
    },
    "typescript": {
      "version": "5.0.2",
      "resolved": "https://registry.npmjs.org/typescript/-/typescript-5.0.2.tgz",
      "integrity": "sha512-wVORMBGO/FAs/++blGNeAVdbNKtIh1rbBL2EyQ1+J9lClJ93KiiKe8PmFIVdXhHcyv44SL9oglmfeSsndo0jRw==",
      "dev": true
    }
  }
}
